// !$*UTF8*$!
{
	archiveVersion = 1;
	classes = {
	};
	objectVersion = 46;
	objects = {

/* Begin PBXBuildFile section */
		8392007A18EE8E3300B6C429 /* GLKit.framework in Frameworks */ = {isa = PBXBuildFile; fileRef = 8392007918EE8E3300B6C429 /* GLKit.framework */; };
		A70020E519AE7B4C004E47ED /* iAd.framework in Frameworks */ = {isa = PBXBuildFile; fileRef = A70020E419AE7B4C004E47ED /* iAd.framework */; };
		A70020E719AE7B57004E47ED /* AdSupport.framework in Frameworks */ = {isa = PBXBuildFile; fileRef = A70020E619AE7B57004E47ED /* AdSupport.framework */; };
		A752AA1A19A6CC11008ED0A5 /* circleBlue.m in Sources */ = {isa = PBXBuildFile; fileRef = A752AA1919A6CC11008ED0A5 /* circleBlue.m */; };
		A752AA1E19A6CC24008ED0A5 /* circleOrange.m in Sources */ = {isa = PBXBuildFile; fileRef = A752AA1D19A6CC24008ED0A5 /* circleOrange.m */; };
		A752AA2119A6CC37008ED0A5 /* circleGreen.m in Sources */ = {isa = PBXBuildFile; fileRef = A752AA2019A6CC37008ED0A5 /* circleGreen.m */; };
		A764480619B0E74A0049FD51 /* options.m in Sources */ = {isa = PBXBuildFile; fileRef = A764480519B0E74A0049FD51 /* options.m */; };
		A764480B19B0EC330049FD51 /* libz.dylib in Frameworks */ = {isa = PBXBuildFile; fileRef = A764480A19B0EC330049FD51 /* libz.dylib */; };
		A764480D19B0EC390049FD51 /* MessageUI.framework in Frameworks */ = {isa = PBXBuildFile; fileRef = A764480C19B0EC390049FD51 /* MessageUI.framework */; };
		A764480F19B0EC440049FD51 /* Social.framework in Frameworks */ = {isa = PBXBuildFile; fileRef = A764480E19B0EC440049FD51 /* Social.framework */; settings = {ATTRIBUTES = (Weak, ); }; };
		A764481319B0EC560049FD51 /* SystemConfiguration.framework in Frameworks */ = {isa = PBXBuildFile; fileRef = A764481219B0EC560049FD51 /* SystemConfiguration.framework */; };
		A764481519B0EC6F0049FD51 /* Twitter.framework in Frameworks */ = {isa = PBXBuildFile; fileRef = A764481419B0EC6F0049FD51 /* Twitter.framework */; settings = {ATTRIBUTES = (Weak, ); }; };
		A764485E19B0ECCE0049FD51 /* mgwuSDK.framework in Frameworks */ = {isa = PBXBuildFile; fileRef = A764481719B0ECCE0049FD51 /* mgwuSDK.framework */; };
		A764485F19B0ECCE0049FD51 /* aqua.png in Resources */ = {isa = PBXBuildFile; fileRef = A764481919B0ECCE0049FD51 /* aqua.png */; };
		A764486019B0ECCE0049FD51 /* bluechatbubble.png in Resources */ = {isa = PBXBuildFile; fileRef = A764481A19B0ECCE0049FD51 /* bluechatbubble.png */; };
		A764486119B0ECCE0049FD51 /* CrossPromoViewController.nib in Resources */ = {isa = PBXBuildFile; fileRef = A764481B19B0ECCE0049FD51 /* CrossPromoViewController.nib */; };
		A764486219B0ECCE0049FD51 /* FacebookIcon.png in Resources */ = {isa = PBXBuildFile; fileRef = A764481C19B0ECCE0049FD51 /* FacebookIcon.png */; };
		A764486319B0ECCE0049FD51 /* fb_connect.png in Resources */ = {isa = PBXBuildFile; fileRef = A764481D19B0ECCE0049FD51 /* fb_connect.png */; };
		A764486419B0ECCE0049FD51 /* FBLoginButton.png in Resources */ = {isa = PBXBuildFile; fileRef = A764481E19B0ECCE0049FD51 /* FBLoginButton.png */; };
		A764486519B0ECCE0049FD51 /* FBLoginButton@2x.png in Resources */ = {isa = PBXBuildFile; fileRef = A764481F19B0ECCE0049FD51 /* FBLoginButton@2x.png */; };
		A764486619B0ECCE0049FD51 /* FBLoginButtonPressed.png in Resources */ = {isa = PBXBuildFile; fileRef = A764482019B0ECCE0049FD51 /* FBLoginButtonPressed.png */; };
		A764486719B0ECCE0049FD51 /* FBLoginButtonPressed@2x.png in Resources */ = {isa = PBXBuildFile; fileRef = A764482119B0ECCE0049FD51 /* FBLoginButtonPressed@2x.png */; };
		A764486819B0ECCE0049FD51 /* FBNoThanksButton.png in Resources */ = {isa = PBXBuildFile; fileRef = A764482219B0ECCE0049FD51 /* FBNoThanksButton.png */; };
		A764486919B0ECCE0049FD51 /* FBNoThanksButton@2x.png in Resources */ = {isa = PBXBuildFile; fileRef = A764482319B0ECCE0049FD51 /* FBNoThanksButton@2x.png */; };
		A764486A19B0ECCE0049FD51 /* FBNoThanksButtonPressed.png in Resources */ = {isa = PBXBuildFile; fileRef = A764482419B0ECCE0049FD51 /* FBNoThanksButtonPressed.png */; };
		A764486B19B0ECCE0049FD51 /* FBNoThanksButtonPressed@2x.png in Resources */ = {isa = PBXBuildFile; fileRef = A764482519B0ECCE0049FD51 /* FBNoThanksButtonPressed@2x.png */; };
		A764486C19B0ECCE0049FD51 /* green.png in Resources */ = {isa = PBXBuildFile; fileRef = A764482619B0ECCE0049FD51 /* green.png */; };
		A764486D19B0ECCE0049FD51 /* grey-background.png in Resources */ = {isa = PBXBuildFile; fileRef = A764482719B0ECCE0049FD51 /* grey-background.png */; };
		A764486E19B0ECCE0049FD51 /* hipmob.back.btn.png in Resources */ = {isa = PBXBuildFile; fileRef = A764482819B0ECCE0049FD51 /* hipmob.back.btn.png */; };
		A764486F19B0ECCE0049FD51 /* hipmob.send.png in Resources */ = {isa = PBXBuildFile; fileRef = A764482919B0ECCE0049FD51 /* hipmob.send.png */; };
		A764487019B0ECCE0049FD51 /* hipmobsend_field.png in Resources */ = {isa = PBXBuildFile; fileRef = A764482A19B0ECCE0049FD51 /* hipmobsend_field.png */; };
		A764487119B0ECCE0049FD51 /* hipmobsend_field@2x.png in Resources */ = {isa = PBXBuildFile; fileRef = A764482B19B0ECCE0049FD51 /* hipmobsend_field@2x.png */; };
		A764487219B0ECCE0049FD51 /* mgwu-gk-notification.png in Resources */ = {isa = PBXBuildFile; fileRef = A764482C19B0ECCE0049FD51 /* mgwu-gk-notification.png */; };
		A764487319B0ECCE0049FD51 /* mgwu-gk-notification@2x.png in Resources */ = {isa = PBXBuildFile; fileRef = A764482D19B0ECCE0049FD51 /* mgwu-gk-notification@2x.png */; };
		A764487419B0ECCE0049FD51 /* mgwu-m.png in Resources */ = {isa = PBXBuildFile; fileRef = A764482E19B0ECCE0049FD51 /* mgwu-m.png */; };
		A764487519B0ECCE0049FD51 /* mgwu-m@2x.png in Resources */ = {isa = PBXBuildFile; fileRef = A764482F19B0ECCE0049FD51 /* mgwu-m@2x.png */; };
		A764487619B0ECCE0049FD51 /* MGWUAboutFooter-Landscape-568h@2x~iphone.png in Resources */ = {isa = PBXBuildFile; fileRef = A764483019B0ECCE0049FD51 /* MGWUAboutFooter-Landscape-568h@2x~iphone.png */; };
		A764487719B0ECCE0049FD51 /* MGWUAboutFooter-Landscape@2x~ipad.png in Resources */ = {isa = PBXBuildFile; fileRef = A764483119B0ECCE0049FD51 /* MGWUAboutFooter-Landscape@2x~ipad.png */; };
		A764487819B0ECCE0049FD51 /* MGWUAboutFooter-Landscape@2x~iphone.png in Resources */ = {isa = PBXBuildFile; fileRef = A764483219B0ECCE0049FD51 /* MGWUAboutFooter-Landscape@2x~iphone.png */; };
		A764487919B0ECCE0049FD51 /* MGWUAboutFooter-Landscape~ipad.png in Resources */ = {isa = PBXBuildFile; fileRef = A764483319B0ECCE0049FD51 /* MGWUAboutFooter-Landscape~ipad.png */; };
		A764487A19B0ECCE0049FD51 /* MGWUAboutFooter-Landscape~iphone.png in Resources */ = {isa = PBXBuildFile; fileRef = A764483419B0ECCE0049FD51 /* MGWUAboutFooter-Landscape~iphone.png */; };
		A764487B19B0ECCE0049FD51 /* MGWUAboutFooter-Portrait@2x~ipad.png in Resources */ = {isa = PBXBuildFile; fileRef = A764483519B0ECCE0049FD51 /* MGWUAboutFooter-Portrait@2x~ipad.png */; };
		A764487C19B0ECCE0049FD51 /* MGWUAboutFooter-Portrait@2x~iphone.png in Resources */ = {isa = PBXBuildFile; fileRef = A764483619B0ECCE0049FD51 /* MGWUAboutFooter-Portrait@2x~iphone.png */; };
		A764487D19B0ECCE0049FD51 /* MGWUAboutFooter-Portrait~ipad.png in Resources */ = {isa = PBXBuildFile; fileRef = A764483719B0ECCE0049FD51 /* MGWUAboutFooter-Portrait~ipad.png */; };
		A764487E19B0ECCE0049FD51 /* MGWUAboutFooter-Portrait~iphone.png in Resources */ = {isa = PBXBuildFile; fileRef = A764483819B0ECCE0049FD51 /* MGWUAboutFooter-Portrait~iphone.png */; };
		A764487F19B0ECCE0049FD51 /* MGWUBackground-Landscape@2x~ipad.png in Resources */ = {isa = PBXBuildFile; fileRef = A764483919B0ECCE0049FD51 /* MGWUBackground-Landscape@2x~ipad.png */; };
		A764488019B0ECCE0049FD51 /* MGWUBackground-Landscape@2x~iphone.png in Resources */ = {isa = PBXBuildFile; fileRef = A764483A19B0ECCE0049FD51 /* MGWUBackground-Landscape@2x~iphone.png */; };
		A764488119B0ECCE0049FD51 /* MGWUBackground-Landscape~ipad.png in Resources */ = {isa = PBXBuildFile; fileRef = A764483B19B0ECCE0049FD51 /* MGWUBackground-Landscape~ipad.png */; };
		A764488219B0ECCE0049FD51 /* MGWUBackground-Landscape~iphone.png in Resources */ = {isa = PBXBuildFile; fileRef = A764483C19B0ECCE0049FD51 /* MGWUBackground-Landscape~iphone.png */; };
		A764488319B0ECCE0049FD51 /* MGWUBackground-Portrait@2x~ipad.png in Resources */ = {isa = PBXBuildFile; fileRef = A764483D19B0ECCE0049FD51 /* MGWUBackground-Portrait@2x~ipad.png */; };
		A764488419B0ECCE0049FD51 /* MGWUBackground-Portrait@2x~iphone.png in Resources */ = {isa = PBXBuildFile; fileRef = A764483E19B0ECCE0049FD51 /* MGWUBackground-Portrait@2x~iphone.png */; };
		A764488519B0ECCE0049FD51 /* MGWUBackground-Portrait~ipad.png in Resources */ = {isa = PBXBuildFile; fileRef = A764483F19B0ECCE0049FD51 /* MGWUBackground-Portrait~ipad.png */; };
		A764488619B0ECCE0049FD51 /* MGWUBackground-Portrait~iphone.png in Resources */ = {isa = PBXBuildFile; fileRef = A764484019B0ECCE0049FD51 /* MGWUBackground-Portrait~iphone.png */; };
		A764488719B0ECCE0049FD51 /* MGWUBackgroundDark-Landscape@2x~ipad.png in Resources */ = {isa = PBXBuildFile; fileRef = A764484119B0ECCE0049FD51 /* MGWUBackgroundDark-Landscape@2x~ipad.png */; };
		A764488819B0ECCE0049FD51 /* MGWUBackgroundDark-Landscape@2x~iphone.png in Resources */ = {isa = PBXBuildFile; fileRef = A764484219B0ECCE0049FD51 /* MGWUBackgroundDark-Landscape@2x~iphone.png */; };
		A764488919B0ECCE0049FD51 /* MGWUBackgroundDark-Landscape~ipad.png in Resources */ = {isa = PBXBuildFile; fileRef = A764484319B0ECCE0049FD51 /* MGWUBackgroundDark-Landscape~ipad.png */; };
		A764488A19B0ECCE0049FD51 /* MGWUBackgroundDark-Landscape~iphone.png in Resources */ = {isa = PBXBuildFile; fileRef = A764484419B0ECCE0049FD51 /* MGWUBackgroundDark-Landscape~iphone.png */; };
		A764488B19B0ECCE0049FD51 /* MGWUBackgroundDark-Portrait@2x~ipad.png in Resources */ = {isa = PBXBuildFile; fileRef = A764484519B0ECCE0049FD51 /* MGWUBackgroundDark-Portrait@2x~ipad.png */; };
		A764488C19B0ECCE0049FD51 /* MGWUBackgroundDark-Portrait@2x~iphone.png in Resources */ = {isa = PBXBuildFile; fileRef = A764484619B0ECCE0049FD51 /* MGWUBackgroundDark-Portrait@2x~iphone.png */; };
		A764488D19B0ECCE0049FD51 /* MGWUBackgroundDark-Portrait~ipad.png in Resources */ = {isa = PBXBuildFile; fileRef = A764484719B0ECCE0049FD51 /* MGWUBackgroundDark-Portrait~ipad.png */; };
		A764488E19B0ECCE0049FD51 /* MGWUBackgroundDark-Portrait~iphone.png in Resources */ = {isa = PBXBuildFile; fileRef = A764484819B0ECCE0049FD51 /* MGWUBackgroundDark-Portrait~iphone.png */; };
		A764488F19B0ECCE0049FD51 /* MGWUClose.png in Resources */ = {isa = PBXBuildFile; fileRef = A764484919B0ECCE0049FD51 /* MGWUClose.png */; };
		A764489019B0ECCE0049FD51 /* MGWUClose@2x.png in Resources */ = {isa = PBXBuildFile; fileRef = A764484A19B0ECCE0049FD51 /* MGWUClose@2x.png */; };
		A764489119B0ECCE0049FD51 /* MGWUFacebookLoginLandscape.nib in Resources */ = {isa = PBXBuildFile; fileRef = A764484B19B0ECCE0049FD51 /* MGWUFacebookLoginLandscape.nib */; };
		A764489219B0ECCE0049FD51 /* MGWUFacebookLoginLandscapeDark.nib in Resources */ = {isa = PBXBuildFile; fileRef = A764484C19B0ECCE0049FD51 /* MGWUFacebookLoginLandscapeDark.nib */; };
		A764489319B0ECCE0049FD51 /* MGWUFacebookLoginPortrait.nib in Resources */ = {isa = PBXBuildFile; fileRef = A764484D19B0ECCE0049FD51 /* MGWUFacebookLoginPortrait.nib */; };
		A764489419B0ECCE0049FD51 /* MGWUFacebookLoginPortraitDark.nib in Resources */ = {isa = PBXBuildFile; fileRef = A764484E19B0ECCE0049FD51 /* MGWUFacebookLoginPortraitDark.nib */; };
		A764489519B0ECCE0049FD51 /* mgwuLogo.png in Resources */ = {isa = PBXBuildFile; fileRef = A764484F19B0ECCE0049FD51 /* mgwuLogo.png */; };
		A764489619B0ECCE0049FD51 /* mgwuLogo@2x.png in Resources */ = {isa = PBXBuildFile; fileRef = A764485019B0ECCE0049FD51 /* mgwuLogo@2x.png */; };
		A764489719B0ECCE0049FD51 /* mgwuLogoDark.png in Resources */ = {isa = PBXBuildFile; fileRef = A764485119B0ECCE0049FD51 /* mgwuLogoDark.png */; };
		A764489819B0ECCE0049FD51 /* mgwuLogoDark@2x.png in Resources */ = {isa = PBXBuildFile; fileRef = A764485219B0ECCE0049FD51 /* mgwuLogoDark@2x.png */; };
		A764489919B0ECCE0049FD51 /* mgwuPlaceholderIcon.png in Resources */ = {isa = PBXBuildFile; fileRef = A764485319B0ECCE0049FD51 /* mgwuPlaceholderIcon.png */; };
		A764489A19B0ECCE0049FD51 /* mgwuPlaceholderIcon@2x.png in Resources */ = {isa = PBXBuildFile; fileRef = A764485419B0ECCE0049FD51 /* mgwuPlaceholderIcon@2x.png */; };
		A764489B19B0ECCE0049FD51 /* mgwuPlaceholderIconDark.png in Resources */ = {isa = PBXBuildFile; fileRef = A764485519B0ECCE0049FD51 /* mgwuPlaceholderIconDark.png */; };
		A764489C19B0ECCE0049FD51 /* mgwuPlaceholderIconDark@2x.png in Resources */ = {isa = PBXBuildFile; fileRef = A764485619B0ECCE0049FD51 /* mgwuPlaceholderIconDark@2x.png */; };
		A764489D19B0ECCE0049FD51 /* operator.available.png in Resources */ = {isa = PBXBuildFile; fileRef = A764485719B0ECCE0049FD51 /* operator.available.png */; };
		A764489E19B0ECCE0049FD51 /* operator.connecting.png in Resources */ = {isa = PBXBuildFile; fileRef = A764485819B0ECCE0049FD51 /* operator.connecting.png */; };
		A764489F19B0ECCE0049FD51 /* operator.unavailable.png in Resources */ = {isa = PBXBuildFile; fileRef = A764485919B0ECCE0049FD51 /* operator.unavailable.png */; };
		A76448A019B0ECCE0049FD51 /* send-button-active.png in Resources */ = {isa = PBXBuildFile; fileRef = A764485A19B0ECCE0049FD51 /* send-button-active.png */; };
		A76448A119B0ECCE0049FD51 /* send-button-inactive.png in Resources */ = {isa = PBXBuildFile; fileRef = A764485B19B0ECCE0049FD51 /* send-button-inactive.png */; };
		A76448A219B0ECCE0049FD51 /* send-button-instate.png in Resources */ = {isa = PBXBuildFile; fileRef = A764485C19B0ECCE0049FD51 /* send-button-instate.png */; };
		A76448A319B0ECCE0049FD51 /* send-field-landscape.png in Resources */ = {isa = PBXBuildFile; fileRef = A764485D19B0ECCE0049FD51 /* send-field-landscape.png */; };
		A781DAC419CF9C14006BA433 /* libGoogleAdMobAds.a in Frameworks */ = {isa = PBXBuildFile; fileRef = A781DAC219CF9C14006BA433 /* libGoogleAdMobAds.a */; };
		A781DAC519CF9C14006BA433 /* README.txt in Resources */ = {isa = PBXBuildFile; fileRef = A781DAC319CF9C14006BA433 /* README.txt */; };
		A781DAC719CF9C3A006BA433 /* CoreTelephony.framework in Frameworks */ = {isa = PBXBuildFile; fileRef = A781DAC619CF9C3A006BA433 /* CoreTelephony.framework */; };
		A781DACA19CF9C49006BA433 /* EventKit.framework in Frameworks */ = {isa = PBXBuildFile; fileRef = A781DAC819CF9C49006BA433 /* EventKit.framework */; };
		A781DACB19CF9C49006BA433 /* EventKitUI.framework in Frameworks */ = {isa = PBXBuildFile; fileRef = A781DAC919CF9C49006BA433 /* EventKitUI.framework */; };
		A7AF751319C5EC2400D40A7F /* Crashlytics.framework in Frameworks */ = {isa = PBXBuildFile; fileRef = A7AF751219C5EC2400D40A7F /* Crashlytics.framework */; };
		A7B1149419C4C8A00053E245 /* birdgreenblink.m in Sources */ = {isa = PBXBuildFile; fileRef = A7B1149319C4C8A00053E245 /* birdgreenblink.m */; };
		A7B1149819C4C8AF0053E245 /* birdblueblink.m in Sources */ = {isa = PBXBuildFile; fileRef = A7B1149719C4C8AF0053E245 /* birdblueblink.m */; };
		A7B1149B19C4C8BD0053E245 /* birdorangeblink.m in Sources */ = {isa = PBXBuildFile; fileRef = A7B1149A19C4C8BD0053E245 /* birdorangeblink.m */; };
		A7C9AD3119CCC9C2009F99E0 /* StoreKit.framework in Frameworks */ = {isa = PBXBuildFile; fileRef = A764481019B0EC4A0049FD51 /* StoreKit.framework */; };
		A7C9AD3719CCCFBF009F99E0 /* Images.xcassets in Resources */ = {isa = PBXBuildFile; fileRef = A7C9AD3619CCCFBF009F99E0 /* Images.xcassets */; };
		A7D5156C19B2358600865D94 /* GameKit.framework in Frameworks */ = {isa = PBXBuildFile; fileRef = A7D5156B19B2358600865D94 /* GameKit.framework */; };
		A7D5157619B2399300865D94 /* ABGameKitHelper.m in Sources */ = {isa = PBXBuildFile; fileRef = A7D5157519B2399300865D94 /* ABGameKitHelper.m */; };
		A7D5157819B239DE00865D94 /* CFNetwork.framework in Frameworks */ = {isa = PBXBuildFile; fileRef = A7D5157719B239DE00865D94 /* CFNetwork.framework */; };
		A7D5157A19B239E400865D94 /* Security.framework in Frameworks */ = {isa = PBXBuildFile; fileRef = A7D5157919B239E400865D94 /* Security.framework */; };
		B71F5911188484E7003F4D28 /* iPad-old.png in Resources */ = {isa = PBXBuildFile; fileRef = B71F5907188484E7003F4D28 /* iPad-old.png */; };
		B71F5912188484E7003F4D28 /* iPad-old@2x.png in Resources */ = {isa = PBXBuildFile; fileRef = B71F5908188484E7003F4D28 /* iPad-old@2x.png */; };
		B71F5913188484E7003F4D28 /* iPad.png in Resources */ = {isa = PBXBuildFile; fileRef = B71F5909188484E7003F4D28 /* iPad.png */; };
		B71F5914188484E7003F4D28 /* iPad@2x.png in Resources */ = {isa = PBXBuildFile; fileRef = B71F590A188484E7003F4D28 /* iPad@2x.png */; };
		B71F5915188484E7003F4D28 /* iPhone-old.png in Resources */ = {isa = PBXBuildFile; fileRef = B71F590B188484E7003F4D28 /* iPhone-old.png */; };
		B71F5916188484E7003F4D28 /* iPhone-old@2x.png in Resources */ = {isa = PBXBuildFile; fileRef = B71F590C188484E7003F4D28 /* iPhone-old@2x.png */; };
		B71F5917188484E7003F4D28 /* iPhone.png in Resources */ = {isa = PBXBuildFile; fileRef = B71F590D188484E7003F4D28 /* iPhone.png */; };
		B71F5918188484E7003F4D28 /* iPhone@2x.png in Resources */ = {isa = PBXBuildFile; fileRef = B71F590E188484E7003F4D28 /* iPhone@2x.png */; };
		B71F5919188484E7003F4D28 /* Settings.png in Resources */ = {isa = PBXBuildFile; fileRef = B71F590F188484E7003F4D28 /* Settings.png */; };
		B71F591A188484E7003F4D28 /* Settings@2x.png in Resources */ = {isa = PBXBuildFile; fileRef = B71F5910188484E7003F4D28 /* Settings@2x.png */; };
		B737893B180761570076A88C /* Published-iOS in Resources */ = {isa = PBXBuildFile; fileRef = B737893A180761570076A88C /* Published-iOS */; };
		B737893F1807617C0076A88C /* AppDelegate.m in Sources */ = {isa = PBXBuildFile; fileRef = B737893E1807617C0076A88C /* AppDelegate.m */; };
		B7378975180762440076A88C /* Default-568h@2x.png in Resources */ = {isa = PBXBuildFile; fileRef = B737896B180762440076A88C /* Default-568h@2x.png */; };
		B7378976180762440076A88C /* Default-Landscape~ipad.png in Resources */ = {isa = PBXBuildFile; fileRef = B737896C180762440076A88C /* Default-Landscape~ipad.png */; };
		B7378977180762440076A88C /* Default.png in Resources */ = {isa = PBXBuildFile; fileRef = B737896D180762440076A88C /* Default.png */; };
		B7378978180762440076A88C /* Default@2x.png in Resources */ = {isa = PBXBuildFile; fileRef = B737896E180762440076A88C /* Default@2x.png */; };
		B73789871807631A0076A88C /* main.m in Sources */ = {isa = PBXBuildFile; fileRef = B73789851807631A0076A88C /* main.m */; };
		B737898A1807642B0076A88C /* libcocos2d.a in Frameworks */ = {isa = PBXBuildFile; fileRef = B737894B180761A90076A88C /* libcocos2d.a */; };
		B7378994180767190076A88C /* MainScene.m in Sources */ = {isa = PBXBuildFile; fileRef = B7378993180767190076A88C /* MainScene.m */; };
		B77F1B3217B978D7009739AE /* QuartzCore.framework in Frameworks */ = {isa = PBXBuildFile; fileRef = B77F1B3117B978D7009739AE /* QuartzCore.framework */; };
		B77F1B3417B978D7009739AE /* OpenGLES.framework in Frameworks */ = {isa = PBXBuildFile; fileRef = B77F1B3317B978D7009739AE /* OpenGLES.framework */; };
		B77F1B3617B978D7009739AE /* OpenAL.framework in Frameworks */ = {isa = PBXBuildFile; fileRef = B77F1B3517B978D7009739AE /* OpenAL.framework */; };
		B77F1B3817B978D7009739AE /* AudioToolbox.framework in Frameworks */ = {isa = PBXBuildFile; fileRef = B77F1B3717B978D7009739AE /* AudioToolbox.framework */; };
		B77F1B3A17B978D7009739AE /* AVFoundation.framework in Frameworks */ = {isa = PBXBuildFile; fileRef = B77F1B3917B978D7009739AE /* AVFoundation.framework */; };
		B77F1B3C17B978D7009739AE /* UIKit.framework in Frameworks */ = {isa = PBXBuildFile; fileRef = B77F1B3B17B978D7009739AE /* UIKit.framework */; };
		B77F1B3E17B978D7009739AE /* Foundation.framework in Frameworks */ = {isa = PBXBuildFile; fileRef = B77F1B3D17B978D7009739AE /* Foundation.framework */; };
		B77F1B4017B978D7009739AE /* CoreGraphics.framework in Frameworks */ = {isa = PBXBuildFile; fileRef = B77F1B3F17B978D7009739AE /* CoreGraphics.framework */; };
		B77F1B4217B978D7009739AE /* CoreText.framework in Frameworks */ = {isa = PBXBuildFile; fileRef = B77F1B4117B978D7009739AE /* CoreText.framework */; };
/* End PBXBuildFile section */

/* Begin PBXContainerItemProxy section */
		B737894A180761A90076A88C /* PBXContainerItemProxy */ = {
			isa = PBXContainerItemProxy;
			containerPortal = B7378940180761A80076A88C /* cocos2d-ios.xcodeproj */;
			proxyType = 2;
			remoteGlobalIDString = 5018F24D0DFDEAC400C013A5;
			remoteInfo = cocos2d;
		};
		B7378988180764180076A88C /* PBXContainerItemProxy */ = {
			isa = PBXContainerItemProxy;
			containerPortal = B7378940180761A80076A88C /* cocos2d-ios.xcodeproj */;
			proxyType = 1;
			remoteGlobalIDString = 5018F24C0DFDEAC400C013A5;
			remoteInfo = cocos2d;
		};
/* End PBXContainerItemProxy section */

/* Begin PBXFileReference section */
		8392007918EE8E3300B6C429 /* GLKit.framework */ = {isa = PBXFileReference; lastKnownFileType = wrapper.framework; name = GLKit.framework; path = System/Library/Frameworks/GLKit.framework; sourceTree = SDKROOT; };
		A70020E219AE7B37004E47ED /* CircleMatch.entitlements */ = {isa = PBXFileReference; lastKnownFileType = text.xml; path = CircleMatch.entitlements; sourceTree = "<group>"; };
		A70020E419AE7B4C004E47ED /* iAd.framework */ = {isa = PBXFileReference; lastKnownFileType = wrapper.framework; name = iAd.framework; path = System/Library/Frameworks/iAd.framework; sourceTree = SDKROOT; };
		A70020E619AE7B57004E47ED /* AdSupport.framework */ = {isa = PBXFileReference; lastKnownFileType = wrapper.framework; name = AdSupport.framework; path = System/Library/Frameworks/AdSupport.framework; sourceTree = SDKROOT; };
		A752AA1819A6CC11008ED0A5 /* circleBlue.h */ = {isa = PBXFileReference; fileEncoding = 4; lastKnownFileType = sourcecode.c.h; path = circleBlue.h; sourceTree = "<group>"; };
		A752AA1919A6CC11008ED0A5 /* circleBlue.m */ = {isa = PBXFileReference; fileEncoding = 4; lastKnownFileType = sourcecode.c.objc; path = circleBlue.m; sourceTree = "<group>"; };
		A752AA1C19A6CC24008ED0A5 /* circleOrange.h */ = {isa = PBXFileReference; fileEncoding = 4; lastKnownFileType = sourcecode.c.h; path = circleOrange.h; sourceTree = "<group>"; };
		A752AA1D19A6CC24008ED0A5 /* circleOrange.m */ = {isa = PBXFileReference; fileEncoding = 4; lastKnownFileType = sourcecode.c.objc; path = circleOrange.m; sourceTree = "<group>"; };
		A752AA1F19A6CC37008ED0A5 /* circleGreen.h */ = {isa = PBXFileReference; fileEncoding = 4; lastKnownFileType = sourcecode.c.h; path = circleGreen.h; sourceTree = "<group>"; };
		A752AA2019A6CC37008ED0A5 /* circleGreen.m */ = {isa = PBXFileReference; fileEncoding = 4; lastKnownFileType = sourcecode.c.objc; path = circleGreen.m; sourceTree = "<group>"; };
		A764480419B0E74A0049FD51 /* options.h */ = {isa = PBXFileReference; fileEncoding = 4; lastKnownFileType = sourcecode.c.h; path = options.h; sourceTree = "<group>"; };
		A764480519B0E74A0049FD51 /* options.m */ = {isa = PBXFileReference; fileEncoding = 4; lastKnownFileType = sourcecode.c.objc; path = options.m; sourceTree = "<group>"; };
		A764480A19B0EC330049FD51 /* libz.dylib */ = {isa = PBXFileReference; lastKnownFileType = "compiled.mach-o.dylib"; name = libz.dylib; path = usr/lib/libz.dylib; sourceTree = SDKROOT; };
		A764480C19B0EC390049FD51 /* MessageUI.framework */ = {isa = PBXFileReference; lastKnownFileType = wrapper.framework; name = MessageUI.framework; path = System/Library/Frameworks/MessageUI.framework; sourceTree = SDKROOT; };
		A764480E19B0EC440049FD51 /* Social.framework */ = {isa = PBXFileReference; lastKnownFileType = wrapper.framework; name = Social.framework; path = System/Library/Frameworks/Social.framework; sourceTree = SDKROOT; };
		A764481019B0EC4A0049FD51 /* StoreKit.framework */ = {isa = PBXFileReference; lastKnownFileType = wrapper.framework; name = StoreKit.framework; path = System/Library/Frameworks/StoreKit.framework; sourceTree = SDKROOT; };
		A764481219B0EC560049FD51 /* SystemConfiguration.framework */ = {isa = PBXFileReference; lastKnownFileType = wrapper.framework; name = SystemConfiguration.framework; path = System/Library/Frameworks/SystemConfiguration.framework; sourceTree = SDKROOT; };
		A764481419B0EC6F0049FD51 /* Twitter.framework */ = {isa = PBXFileReference; lastKnownFileType = wrapper.framework; name = Twitter.framework; path = System/Library/Frameworks/Twitter.framework; sourceTree = SDKROOT; };
		A764481719B0ECCE0049FD51 /* mgwuSDK.framework */ = {isa = PBXFileReference; lastKnownFileType = wrapper.framework; path = mgwuSDK.framework; sourceTree = "<group>"; };
		A764481919B0ECCE0049FD51 /* aqua.png */ = {isa = PBXFileReference; lastKnownFileType = image.png; path = aqua.png; sourceTree = "<group>"; };
		A764481A19B0ECCE0049FD51 /* bluechatbubble.png */ = {isa = PBXFileReference; lastKnownFileType = image.png; path = bluechatbubble.png; sourceTree = "<group>"; };
		A764481B19B0ECCE0049FD51 /* CrossPromoViewController.nib */ = {isa = PBXFileReference; lastKnownFileType = file.bplist; path = CrossPromoViewController.nib; sourceTree = "<group>"; };
		A764481C19B0ECCE0049FD51 /* FacebookIcon.png */ = {isa = PBXFileReference; lastKnownFileType = image.png; path = FacebookIcon.png; sourceTree = "<group>"; };
		A764481D19B0ECCE0049FD51 /* fb_connect.png */ = {isa = PBXFileReference; lastKnownFileType = image.png; path = fb_connect.png; sourceTree = "<group>"; };
		A764481E19B0ECCE0049FD51 /* FBLoginButton.png */ = {isa = PBXFileReference; lastKnownFileType = image.png; path = FBLoginButton.png; sourceTree = "<group>"; };
		A764481F19B0ECCE0049FD51 /* FBLoginButton@2x.png */ = {isa = PBXFileReference; lastKnownFileType = image.png; path = "FBLoginButton@2x.png"; sourceTree = "<group>"; };
		A764482019B0ECCE0049FD51 /* FBLoginButtonPressed.png */ = {isa = PBXFileReference; lastKnownFileType = image.png; path = FBLoginButtonPressed.png; sourceTree = "<group>"; };
		A764482119B0ECCE0049FD51 /* FBLoginButtonPressed@2x.png */ = {isa = PBXFileReference; lastKnownFileType = image.png; path = "FBLoginButtonPressed@2x.png"; sourceTree = "<group>"; };
		A764482219B0ECCE0049FD51 /* FBNoThanksButton.png */ = {isa = PBXFileReference; lastKnownFileType = image.png; path = FBNoThanksButton.png; sourceTree = "<group>"; };
		A764482319B0ECCE0049FD51 /* FBNoThanksButton@2x.png */ = {isa = PBXFileReference; lastKnownFileType = image.png; path = "FBNoThanksButton@2x.png"; sourceTree = "<group>"; };
		A764482419B0ECCE0049FD51 /* FBNoThanksButtonPressed.png */ = {isa = PBXFileReference; lastKnownFileType = image.png; path = FBNoThanksButtonPressed.png; sourceTree = "<group>"; };
		A764482519B0ECCE0049FD51 /* FBNoThanksButtonPressed@2x.png */ = {isa = PBXFileReference; lastKnownFileType = image.png; path = "FBNoThanksButtonPressed@2x.png"; sourceTree = "<group>"; };
		A764482619B0ECCE0049FD51 /* green.png */ = {isa = PBXFileReference; lastKnownFileType = image.png; path = green.png; sourceTree = "<group>"; };
		A764482719B0ECCE0049FD51 /* grey-background.png */ = {isa = PBXFileReference; lastKnownFileType = image.png; path = "grey-background.png"; sourceTree = "<group>"; };
		A764482819B0ECCE0049FD51 /* hipmob.back.btn.png */ = {isa = PBXFileReference; lastKnownFileType = image.png; path = hipmob.back.btn.png; sourceTree = "<group>"; };
		A764482919B0ECCE0049FD51 /* hipmob.send.png */ = {isa = PBXFileReference; lastKnownFileType = image.png; path = hipmob.send.png; sourceTree = "<group>"; };
		A764482A19B0ECCE0049FD51 /* hipmobsend_field.png */ = {isa = PBXFileReference; lastKnownFileType = image.png; path = hipmobsend_field.png; sourceTree = "<group>"; };
		A764482B19B0ECCE0049FD51 /* hipmobsend_field@2x.png */ = {isa = PBXFileReference; lastKnownFileType = image.png; path = "hipmobsend_field@2x.png"; sourceTree = "<group>"; };
		A764482C19B0ECCE0049FD51 /* mgwu-gk-notification.png */ = {isa = PBXFileReference; lastKnownFileType = image.png; path = "mgwu-gk-notification.png"; sourceTree = "<group>"; };
		A764482D19B0ECCE0049FD51 /* mgwu-gk-notification@2x.png */ = {isa = PBXFileReference; lastKnownFileType = image.png; path = "mgwu-gk-notification@2x.png"; sourceTree = "<group>"; };
		A764482E19B0ECCE0049FD51 /* mgwu-m.png */ = {isa = PBXFileReference; lastKnownFileType = image.png; path = "mgwu-m.png"; sourceTree = "<group>"; };
		A764482F19B0ECCE0049FD51 /* mgwu-m@2x.png */ = {isa = PBXFileReference; lastKnownFileType = image.png; path = "mgwu-m@2x.png"; sourceTree = "<group>"; };
		A764483019B0ECCE0049FD51 /* MGWUAboutFooter-Landscape-568h@2x~iphone.png */ = {isa = PBXFileReference; lastKnownFileType = image.png; path = "MGWUAboutFooter-Landscape-568h@2x~iphone.png"; sourceTree = "<group>"; };
		A764483119B0ECCE0049FD51 /* MGWUAboutFooter-Landscape@2x~ipad.png */ = {isa = PBXFileReference; lastKnownFileType = image.png; path = "MGWUAboutFooter-Landscape@2x~ipad.png"; sourceTree = "<group>"; };
		A764483219B0ECCE0049FD51 /* MGWUAboutFooter-Landscape@2x~iphone.png */ = {isa = PBXFileReference; lastKnownFileType = image.png; path = "MGWUAboutFooter-Landscape@2x~iphone.png"; sourceTree = "<group>"; };
		A764483319B0ECCE0049FD51 /* MGWUAboutFooter-Landscape~ipad.png */ = {isa = PBXFileReference; lastKnownFileType = image.png; path = "MGWUAboutFooter-Landscape~ipad.png"; sourceTree = "<group>"; };
		A764483419B0ECCE0049FD51 /* MGWUAboutFooter-Landscape~iphone.png */ = {isa = PBXFileReference; lastKnownFileType = image.png; path = "MGWUAboutFooter-Landscape~iphone.png"; sourceTree = "<group>"; };
		A764483519B0ECCE0049FD51 /* MGWUAboutFooter-Portrait@2x~ipad.png */ = {isa = PBXFileReference; lastKnownFileType = image.png; path = "MGWUAboutFooter-Portrait@2x~ipad.png"; sourceTree = "<group>"; };
		A764483619B0ECCE0049FD51 /* MGWUAboutFooter-Portrait@2x~iphone.png */ = {isa = PBXFileReference; lastKnownFileType = image.png; path = "MGWUAboutFooter-Portrait@2x~iphone.png"; sourceTree = "<group>"; };
		A764483719B0ECCE0049FD51 /* MGWUAboutFooter-Portrait~ipad.png */ = {isa = PBXFileReference; lastKnownFileType = image.png; path = "MGWUAboutFooter-Portrait~ipad.png"; sourceTree = "<group>"; };
		A764483819B0ECCE0049FD51 /* MGWUAboutFooter-Portrait~iphone.png */ = {isa = PBXFileReference; lastKnownFileType = image.png; path = "MGWUAboutFooter-Portrait~iphone.png"; sourceTree = "<group>"; };
		A764483919B0ECCE0049FD51 /* MGWUBackground-Landscape@2x~ipad.png */ = {isa = PBXFileReference; lastKnownFileType = image.png; path = "MGWUBackground-Landscape@2x~ipad.png"; sourceTree = "<group>"; };
		A764483A19B0ECCE0049FD51 /* MGWUBackground-Landscape@2x~iphone.png */ = {isa = PBXFileReference; lastKnownFileType = image.png; path = "MGWUBackground-Landscape@2x~iphone.png"; sourceTree = "<group>"; };
		A764483B19B0ECCE0049FD51 /* MGWUBackground-Landscape~ipad.png */ = {isa = PBXFileReference; lastKnownFileType = image.png; path = "MGWUBackground-Landscape~ipad.png"; sourceTree = "<group>"; };
		A764483C19B0ECCE0049FD51 /* MGWUBackground-Landscape~iphone.png */ = {isa = PBXFileReference; lastKnownFileType = image.png; path = "MGWUBackground-Landscape~iphone.png"; sourceTree = "<group>"; };
		A764483D19B0ECCE0049FD51 /* MGWUBackground-Portrait@2x~ipad.png */ = {isa = PBXFileReference; lastKnownFileType = image.png; path = "MGWUBackground-Portrait@2x~ipad.png"; sourceTree = "<group>"; };
		A764483E19B0ECCE0049FD51 /* MGWUBackground-Portrait@2x~iphone.png */ = {isa = PBXFileReference; lastKnownFileType = image.png; path = "MGWUBackground-Portrait@2x~iphone.png"; sourceTree = "<group>"; };
		A764483F19B0ECCE0049FD51 /* MGWUBackground-Portrait~ipad.png */ = {isa = PBXFileReference; lastKnownFileType = image.png; path = "MGWUBackground-Portrait~ipad.png"; sourceTree = "<group>"; };
		A764484019B0ECCE0049FD51 /* MGWUBackground-Portrait~iphone.png */ = {isa = PBXFileReference; lastKnownFileType = image.png; path = "MGWUBackground-Portrait~iphone.png"; sourceTree = "<group>"; };
		A764484119B0ECCE0049FD51 /* MGWUBackgroundDark-Landscape@2x~ipad.png */ = {isa = PBXFileReference; lastKnownFileType = image.png; path = "MGWUBackgroundDark-Landscape@2x~ipad.png"; sourceTree = "<group>"; };
		A764484219B0ECCE0049FD51 /* MGWUBackgroundDark-Landscape@2x~iphone.png */ = {isa = PBXFileReference; lastKnownFileType = image.png; path = "MGWUBackgroundDark-Landscape@2x~iphone.png"; sourceTree = "<group>"; };
		A764484319B0ECCE0049FD51 /* MGWUBackgroundDark-Landscape~ipad.png */ = {isa = PBXFileReference; lastKnownFileType = image.png; path = "MGWUBackgroundDark-Landscape~ipad.png"; sourceTree = "<group>"; };
		A764484419B0ECCE0049FD51 /* MGWUBackgroundDark-Landscape~iphone.png */ = {isa = PBXFileReference; lastKnownFileType = image.png; path = "MGWUBackgroundDark-Landscape~iphone.png"; sourceTree = "<group>"; };
		A764484519B0ECCE0049FD51 /* MGWUBackgroundDark-Portrait@2x~ipad.png */ = {isa = PBXFileReference; lastKnownFileType = image.png; path = "MGWUBackgroundDark-Portrait@2x~ipad.png"; sourceTree = "<group>"; };
		A764484619B0ECCE0049FD51 /* MGWUBackgroundDark-Portrait@2x~iphone.png */ = {isa = PBXFileReference; lastKnownFileType = image.png; path = "MGWUBackgroundDark-Portrait@2x~iphone.png"; sourceTree = "<group>"; };
		A764484719B0ECCE0049FD51 /* MGWUBackgroundDark-Portrait~ipad.png */ = {isa = PBXFileReference; lastKnownFileType = image.png; path = "MGWUBackgroundDark-Portrait~ipad.png"; sourceTree = "<group>"; };
		A764484819B0ECCE0049FD51 /* MGWUBackgroundDark-Portrait~iphone.png */ = {isa = PBXFileReference; lastKnownFileType = image.png; path = "MGWUBackgroundDark-Portrait~iphone.png"; sourceTree = "<group>"; };
		A764484919B0ECCE0049FD51 /* MGWUClose.png */ = {isa = PBXFileReference; lastKnownFileType = image.png; path = MGWUClose.png; sourceTree = "<group>"; };
		A764484A19B0ECCE0049FD51 /* MGWUClose@2x.png */ = {isa = PBXFileReference; lastKnownFileType = image.png; path = "MGWUClose@2x.png"; sourceTree = "<group>"; };
		A764484B19B0ECCE0049FD51 /* MGWUFacebookLoginLandscape.nib */ = {isa = PBXFileReference; lastKnownFileType = file.bplist; path = MGWUFacebookLoginLandscape.nib; sourceTree = "<group>"; };
		A764484C19B0ECCE0049FD51 /* MGWUFacebookLoginLandscapeDark.nib */ = {isa = PBXFileReference; lastKnownFileType = file.bplist; path = MGWUFacebookLoginLandscapeDark.nib; sourceTree = "<group>"; };
		A764484D19B0ECCE0049FD51 /* MGWUFacebookLoginPortrait.nib */ = {isa = PBXFileReference; lastKnownFileType = file.bplist; path = MGWUFacebookLoginPortrait.nib; sourceTree = "<group>"; };
		A764484E19B0ECCE0049FD51 /* MGWUFacebookLoginPortraitDark.nib */ = {isa = PBXFileReference; lastKnownFileType = file.bplist; path = MGWUFacebookLoginPortraitDark.nib; sourceTree = "<group>"; };
		A764484F19B0ECCE0049FD51 /* mgwuLogo.png */ = {isa = PBXFileReference; lastKnownFileType = image.png; path = mgwuLogo.png; sourceTree = "<group>"; };
		A764485019B0ECCE0049FD51 /* mgwuLogo@2x.png */ = {isa = PBXFileReference; lastKnownFileType = image.png; path = "mgwuLogo@2x.png"; sourceTree = "<group>"; };
		A764485119B0ECCE0049FD51 /* mgwuLogoDark.png */ = {isa = PBXFileReference; lastKnownFileType = image.png; path = mgwuLogoDark.png; sourceTree = "<group>"; };
		A764485219B0ECCE0049FD51 /* mgwuLogoDark@2x.png */ = {isa = PBXFileReference; lastKnownFileType = image.png; path = "mgwuLogoDark@2x.png"; sourceTree = "<group>"; };
		A764485319B0ECCE0049FD51 /* mgwuPlaceholderIcon.png */ = {isa = PBXFileReference; lastKnownFileType = image.png; path = mgwuPlaceholderIcon.png; sourceTree = "<group>"; };
		A764485419B0ECCE0049FD51 /* mgwuPlaceholderIcon@2x.png */ = {isa = PBXFileReference; lastKnownFileType = image.png; path = "mgwuPlaceholderIcon@2x.png"; sourceTree = "<group>"; };
		A764485519B0ECCE0049FD51 /* mgwuPlaceholderIconDark.png */ = {isa = PBXFileReference; lastKnownFileType = image.png; path = mgwuPlaceholderIconDark.png; sourceTree = "<group>"; };
		A764485619B0ECCE0049FD51 /* mgwuPlaceholderIconDark@2x.png */ = {isa = PBXFileReference; lastKnownFileType = image.png; path = "mgwuPlaceholderIconDark@2x.png"; sourceTree = "<group>"; };
		A764485719B0ECCE0049FD51 /* operator.available.png */ = {isa = PBXFileReference; lastKnownFileType = image.png; path = operator.available.png; sourceTree = "<group>"; };
		A764485819B0ECCE0049FD51 /* operator.connecting.png */ = {isa = PBXFileReference; lastKnownFileType = image.png; path = operator.connecting.png; sourceTree = "<group>"; };
		A764485919B0ECCE0049FD51 /* operator.unavailable.png */ = {isa = PBXFileReference; lastKnownFileType = image.png; path = operator.unavailable.png; sourceTree = "<group>"; };
		A764485A19B0ECCE0049FD51 /* send-button-active.png */ = {isa = PBXFileReference; lastKnownFileType = image.png; path = "send-button-active.png"; sourceTree = "<group>"; };
		A764485B19B0ECCE0049FD51 /* send-button-inactive.png */ = {isa = PBXFileReference; lastKnownFileType = image.png; path = "send-button-inactive.png"; sourceTree = "<group>"; };
		A764485C19B0ECCE0049FD51 /* send-button-instate.png */ = {isa = PBXFileReference; lastKnownFileType = image.png; path = "send-button-instate.png"; sourceTree = "<group>"; };
		A764485D19B0ECCE0049FD51 /* send-field-landscape.png */ = {isa = PBXFileReference; lastKnownFileType = image.png; path = "send-field-landscape.png"; sourceTree = "<group>"; };
		A781DAA519CF9C14006BA433 /* DFPBannerView.h */ = {isa = PBXFileReference; fileEncoding = 4; lastKnownFileType = sourcecode.c.h; path = DFPBannerView.h; sourceTree = "<group>"; };
		A781DAA619CF9C14006BA433 /* DFPExtras.h */ = {isa = PBXFileReference; fileEncoding = 4; lastKnownFileType = sourcecode.c.h; path = DFPExtras.h; sourceTree = "<group>"; };
		A781DAA719CF9C14006BA433 /* DFPInterstitial.h */ = {isa = PBXFileReference; fileEncoding = 4; lastKnownFileType = sourcecode.c.h; path = DFPInterstitial.h; sourceTree = "<group>"; };
		A781DAA819CF9C14006BA433 /* DFPSwipeableBannerView.h */ = {isa = PBXFileReference; fileEncoding = 4; lastKnownFileType = sourcecode.c.h; path = DFPSwipeableBannerView.h; sourceTree = "<group>"; };
		A781DAA919CF9C14006BA433 /* GADAdSizeDelegate.h */ = {isa = PBXFileReference; fileEncoding = 4; lastKnownFileType = sourcecode.c.h; path = GADAdSizeDelegate.h; sourceTree = "<group>"; };
		A781DAAA19CF9C14006BA433 /* GADAppEventDelegate.h */ = {isa = PBXFileReference; fileEncoding = 4; lastKnownFileType = sourcecode.c.h; path = GADAppEventDelegate.h; sourceTree = "<group>"; };
		A781DAAB19CF9C14006BA433 /* GADSwipeableBannerViewDelegate.h */ = {isa = PBXFileReference; fileEncoding = 4; lastKnownFileType = sourcecode.c.h; path = GADSwipeableBannerViewDelegate.h; sourceTree = "<group>"; };
		A781DAAD19CF9C14006BA433 /* GADCustomEventBanner.h */ = {isa = PBXFileReference; fileEncoding = 4; lastKnownFileType = sourcecode.c.h; path = GADCustomEventBanner.h; sourceTree = "<group>"; };
		A781DAAE19CF9C14006BA433 /* GADCustomEventBannerDelegate.h */ = {isa = PBXFileReference; fileEncoding = 4; lastKnownFileType = sourcecode.c.h; path = GADCustomEventBannerDelegate.h; sourceTree = "<group>"; };
		A781DAAF19CF9C14006BA433 /* GADCustomEventExtras.h */ = {isa = PBXFileReference; fileEncoding = 4; lastKnownFileType = sourcecode.c.h; path = GADCustomEventExtras.h; sourceTree = "<group>"; };
		A781DAB019CF9C14006BA433 /* GADCustomEventInterstitial.h */ = {isa = PBXFileReference; fileEncoding = 4; lastKnownFileType = sourcecode.c.h; path = GADCustomEventInterstitial.h; sourceTree = "<group>"; };
		A781DAB119CF9C14006BA433 /* GADCustomEventInterstitialDelegate.h */ = {isa = PBXFileReference; fileEncoding = 4; lastKnownFileType = sourcecode.c.h; path = GADCustomEventInterstitialDelegate.h; sourceTree = "<group>"; };
		A781DAB219CF9C14006BA433 /* GADCustomEventRequest.h */ = {isa = PBXFileReference; fileEncoding = 4; lastKnownFileType = sourcecode.c.h; path = GADCustomEventRequest.h; sourceTree = "<group>"; };
		A781DAB419CF9C14006BA433 /* GADSearchBannerView.h */ = {isa = PBXFileReference; fileEncoding = 4; lastKnownFileType = sourcecode.c.h; path = GADSearchBannerView.h; sourceTree = "<group>"; };
		A781DAB519CF9C14006BA433 /* GADSearchRequest.h */ = {isa = PBXFileReference; fileEncoding = 4; lastKnownFileType = sourcecode.c.h; path = GADSearchRequest.h; sourceTree = "<group>"; };
		A781DAB619CF9C14006BA433 /* GADAdMobExtras.h */ = {isa = PBXFileReference; fileEncoding = 4; lastKnownFileType = sourcecode.c.h; path = GADAdMobExtras.h; sourceTree = "<group>"; };
		A781DAB719CF9C14006BA433 /* GADAdNetworkExtras.h */ = {isa = PBXFileReference; fileEncoding = 4; lastKnownFileType = sourcecode.c.h; path = GADAdNetworkExtras.h; sourceTree = "<group>"; };
		A781DAB819CF9C14006BA433 /* GADAdSize.h */ = {isa = PBXFileReference; fileEncoding = 4; lastKnownFileType = sourcecode.c.h; path = GADAdSize.h; sourceTree = "<group>"; };
		A781DAB919CF9C14006BA433 /* GADBannerView.h */ = {isa = PBXFileReference; fileEncoding = 4; lastKnownFileType = sourcecode.c.h; path = GADBannerView.h; sourceTree = "<group>"; };
		A781DABA19CF9C14006BA433 /* GADBannerViewDelegate.h */ = {isa = PBXFileReference; fileEncoding = 4; lastKnownFileType = sourcecode.c.h; path = GADBannerViewDelegate.h; sourceTree = "<group>"; };
		A781DABB19CF9C14006BA433 /* GADInAppPurchase.h */ = {isa = PBXFileReference; fileEncoding = 4; lastKnownFileType = sourcecode.c.h; path = GADInAppPurchase.h; sourceTree = "<group>"; };
		A781DABC19CF9C14006BA433 /* GADInAppPurchaseDelegate.h */ = {isa = PBXFileReference; fileEncoding = 4; lastKnownFileType = sourcecode.c.h; path = GADInAppPurchaseDelegate.h; sourceTree = "<group>"; };
		A781DABD19CF9C14006BA433 /* GADInterstitial.h */ = {isa = PBXFileReference; fileEncoding = 4; lastKnownFileType = sourcecode.c.h; path = GADInterstitial.h; sourceTree = "<group>"; };
		A781DABE19CF9C14006BA433 /* GADInterstitialDelegate.h */ = {isa = PBXFileReference; fileEncoding = 4; lastKnownFileType = sourcecode.c.h; path = GADInterstitialDelegate.h; sourceTree = "<group>"; };
		A781DABF19CF9C14006BA433 /* GADModules.h */ = {isa = PBXFileReference; fileEncoding = 4; lastKnownFileType = sourcecode.c.h; path = GADModules.h; sourceTree = "<group>"; };
		A781DAC019CF9C14006BA433 /* GADRequest.h */ = {isa = PBXFileReference; fileEncoding = 4; lastKnownFileType = sourcecode.c.h; path = GADRequest.h; sourceTree = "<group>"; };
		A781DAC119CF9C14006BA433 /* GADRequestError.h */ = {isa = PBXFileReference; fileEncoding = 4; lastKnownFileType = sourcecode.c.h; path = GADRequestError.h; sourceTree = "<group>"; };
		A781DAC219CF9C14006BA433 /* libGoogleAdMobAds.a */ = {isa = PBXFileReference; lastKnownFileType = archive.ar; path = libGoogleAdMobAds.a; sourceTree = "<group>"; };
		A781DAC319CF9C14006BA433 /* README.txt */ = {isa = PBXFileReference; fileEncoding = 4; lastKnownFileType = text; path = README.txt; sourceTree = "<group>"; };
		A781DAC619CF9C3A006BA433 /* CoreTelephony.framework */ = {isa = PBXFileReference; lastKnownFileType = wrapper.framework; name = CoreTelephony.framework; path = System/Library/Frameworks/CoreTelephony.framework; sourceTree = SDKROOT; };
		A781DAC819CF9C49006BA433 /* EventKit.framework */ = {isa = PBXFileReference; lastKnownFileType = wrapper.framework; name = EventKit.framework; path = System/Library/Frameworks/EventKit.framework; sourceTree = SDKROOT; };
		A781DAC919CF9C49006BA433 /* EventKitUI.framework */ = {isa = PBXFileReference; lastKnownFileType = wrapper.framework; name = EventKitUI.framework; path = System/Library/Frameworks/EventKitUI.framework; sourceTree = SDKROOT; };
		A7AF751219C5EC2400D40A7F /* Crashlytics.framework */ = {isa = PBXFileReference; lastKnownFileType = wrapper.framework; path = Crashlytics.framework; sourceTree = "<group>"; };
		A7B1149219C4C8A00053E245 /* birdgreenblink.h */ = {isa = PBXFileReference; fileEncoding = 4; lastKnownFileType = sourcecode.c.h; path = birdgreenblink.h; sourceTree = "<group>"; };
		A7B1149319C4C8A00053E245 /* birdgreenblink.m */ = {isa = PBXFileReference; fileEncoding = 4; lastKnownFileType = sourcecode.c.objc; path = birdgreenblink.m; sourceTree = "<group>"; };
		A7B1149619C4C8AF0053E245 /* birdblueblink.h */ = {isa = PBXFileReference; fileEncoding = 4; lastKnownFileType = sourcecode.c.h; path = birdblueblink.h; sourceTree = "<group>"; };
		A7B1149719C4C8AF0053E245 /* birdblueblink.m */ = {isa = PBXFileReference; fileEncoding = 4; lastKnownFileType = sourcecode.c.objc; path = birdblueblink.m; sourceTree = "<group>"; };
		A7B1149919C4C8BD0053E245 /* birdorangeblink.h */ = {isa = PBXFileReference; fileEncoding = 4; lastKnownFileType = sourcecode.c.h; path = birdorangeblink.h; sourceTree = "<group>"; };
		A7B1149A19C4C8BD0053E245 /* birdorangeblink.m */ = {isa = PBXFileReference; fileEncoding = 4; lastKnownFileType = sourcecode.c.objc; path = birdorangeblink.m; sourceTree = "<group>"; };
		A7C9AD3619CCCFBF009F99E0 /* Images.xcassets */ = {isa = PBXFileReference; lastKnownFileType = folder.assetcatalog; name = Images.xcassets; path = CircleMatch/Images.xcassets; sourceTree = SOURCE_ROOT; };
		A7D5156B19B2358600865D94 /* GameKit.framework */ = {isa = PBXFileReference; lastKnownFileType = wrapper.framework; name = GameKit.framework; path = System/Library/Frameworks/GameKit.framework; sourceTree = SDKROOT; };
		A7D5157419B2399300865D94 /* ABGameKitHelper.h */ = {isa = PBXFileReference; fileEncoding = 4; lastKnownFileType = sourcecode.c.h; path = ABGameKitHelper.h; sourceTree = "<group>"; };
		A7D5157519B2399300865D94 /* ABGameKitHelper.m */ = {isa = PBXFileReference; fileEncoding = 4; lastKnownFileType = sourcecode.c.objc; path = ABGameKitHelper.m; sourceTree = "<group>"; };
		A7D5157719B239DE00865D94 /* CFNetwork.framework */ = {isa = PBXFileReference; lastKnownFileType = wrapper.framework; name = CFNetwork.framework; path = System/Library/Frameworks/CFNetwork.framework; sourceTree = SDKROOT; };
		A7D5157919B239E400865D94 /* Security.framework */ = {isa = PBXFileReference; lastKnownFileType = wrapper.framework; name = Security.framework; path = System/Library/Frameworks/Security.framework; sourceTree = SDKROOT; };
		B71F5907188484E7003F4D28 /* iPad-old.png */ = {isa = PBXFileReference; lastKnownFileType = image.png; name = "iPad-old.png"; path = "Icons/iPad-old.png"; sourceTree = "<group>"; };
		B71F5908188484E7003F4D28 /* iPad-old@2x.png */ = {isa = PBXFileReference; lastKnownFileType = image.png; name = "iPad-old@2x.png"; path = "Icons/iPad-old@2x.png"; sourceTree = "<group>"; };
		B71F5909188484E7003F4D28 /* iPad.png */ = {isa = PBXFileReference; lastKnownFileType = image.png; name = iPad.png; path = Icons/iPad.png; sourceTree = "<group>"; };
		B71F590A188484E7003F4D28 /* iPad@2x.png */ = {isa = PBXFileReference; lastKnownFileType = image.png; name = "iPad@2x.png"; path = "Icons/iPad@2x.png"; sourceTree = "<group>"; };
		B71F590B188484E7003F4D28 /* iPhone-old.png */ = {isa = PBXFileReference; lastKnownFileType = image.png; name = "iPhone-old.png"; path = "Icons/iPhone-old.png"; sourceTree = "<group>"; };
		B71F590C188484E7003F4D28 /* iPhone-old@2x.png */ = {isa = PBXFileReference; lastKnownFileType = image.png; name = "iPhone-old@2x.png"; path = "Icons/iPhone-old@2x.png"; sourceTree = "<group>"; };
		B71F590D188484E7003F4D28 /* iPhone.png */ = {isa = PBXFileReference; lastKnownFileType = image.png; name = iPhone.png; path = Icons/iPhone.png; sourceTree = "<group>"; };
		B71F590E188484E7003F4D28 /* iPhone@2x.png */ = {isa = PBXFileReference; lastKnownFileType = image.png; name = "iPhone@2x.png"; path = "Icons/iPhone@2x.png"; sourceTree = "<group>"; };
		B71F590F188484E7003F4D28 /* Settings.png */ = {isa = PBXFileReference; lastKnownFileType = image.png; name = Settings.png; path = Icons/Settings.png; sourceTree = "<group>"; };
		B71F5910188484E7003F4D28 /* Settings@2x.png */ = {isa = PBXFileReference; lastKnownFileType = image.png; name = "Settings@2x.png"; path = "Icons/Settings@2x.png"; sourceTree = "<group>"; };
		B737893A180761570076A88C /* Published-iOS */ = {isa = PBXFileReference; lastKnownFileType = folder; name = "Published-iOS"; path = "Source/Resources/Published-iOS"; sourceTree = SOURCE_ROOT; };
		B737893D1807617C0076A88C /* AppDelegate.h */ = {isa = PBXFileReference; fileEncoding = 4; lastKnownFileType = sourcecode.c.h; name = AppDelegate.h; path = Source/AppDelegate.h; sourceTree = "<group>"; };
		B737893E1807617C0076A88C /* AppDelegate.m */ = {isa = PBXFileReference; fileEncoding = 4; lastKnownFileType = sourcecode.c.objc; name = AppDelegate.m; path = Source/AppDelegate.m; sourceTree = "<group>"; };
		B7378940180761A80076A88C /* cocos2d-ios.xcodeproj */ = {isa = PBXFileReference; lastKnownFileType = "wrapper.pb-project"; name = "cocos2d-ios.xcodeproj"; path = "Source/libs/cocos2d-iphone/cocos2d-ios.xcodeproj"; sourceTree = SOURCE_ROOT; };
		B737896B180762440076A88C /* Default-568h@2x.png */ = {isa = PBXFileReference; lastKnownFileType = image.png; name = "Default-568h@2x.png"; path = "Source/Resources/Default-568h@2x.png"; sourceTree = SOURCE_ROOT; };
		B737896C180762440076A88C /* Default-Landscape~ipad.png */ = {isa = PBXFileReference; lastKnownFileType = image.png; name = "Default-Landscape~ipad.png"; path = "Source/Resources/Default-Landscape~ipad.png"; sourceTree = SOURCE_ROOT; };
		B737896D180762440076A88C /* Default.png */ = {isa = PBXFileReference; lastKnownFileType = image.png; name = Default.png; path = Source/Resources/Default.png; sourceTree = SOURCE_ROOT; };
		B737896E180762440076A88C /* Default@2x.png */ = {isa = PBXFileReference; lastKnownFileType = image.png; name = "Default@2x.png"; path = "Source/Resources/Default@2x.png"; sourceTree = SOURCE_ROOT; };
		B73789851807631A0076A88C /* main.m */ = {isa = PBXFileReference; fileEncoding = 4; lastKnownFileType = sourcecode.c.objc; name = main.m; path = Source/main.m; sourceTree = SOURCE_ROOT; };
		B73789861807631A0076A88C /* Prefix.pch */ = {isa = PBXFileReference; fileEncoding = 4; lastKnownFileType = sourcecode.c.h; name = Prefix.pch; path = Source/Prefix.pch; sourceTree = SOURCE_ROOT; };
		B7378992180767190076A88C /* MainScene.h */ = {isa = PBXFileReference; fileEncoding = 4; lastKnownFileType = sourcecode.c.h; name = MainScene.h; path = Source/MainScene.h; sourceTree = "<group>"; };
		B7378993180767190076A88C /* MainScene.m */ = {isa = PBXFileReference; fileEncoding = 4; lastKnownFileType = sourcecode.c.objc; name = MainScene.m; path = Source/MainScene.m; sourceTree = "<group>"; };
		B77F1B2E17B978D7009739AE /* CircleMatch.app */ = {isa = PBXFileReference; explicitFileType = wrapper.application; includeInIndex = 0; path = CircleMatch.app; sourceTree = BUILT_PRODUCTS_DIR; };
		B77F1B3117B978D7009739AE /* QuartzCore.framework */ = {isa = PBXFileReference; lastKnownFileType = wrapper.framework; name = QuartzCore.framework; path = System/Library/Frameworks/QuartzCore.framework; sourceTree = SDKROOT; };
		B77F1B3317B978D7009739AE /* OpenGLES.framework */ = {isa = PBXFileReference; lastKnownFileType = wrapper.framework; name = OpenGLES.framework; path = System/Library/Frameworks/OpenGLES.framework; sourceTree = SDKROOT; };
		B77F1B3517B978D7009739AE /* OpenAL.framework */ = {isa = PBXFileReference; lastKnownFileType = wrapper.framework; name = OpenAL.framework; path = System/Library/Frameworks/OpenAL.framework; sourceTree = SDKROOT; };
		B77F1B3717B978D7009739AE /* AudioToolbox.framework */ = {isa = PBXFileReference; lastKnownFileType = wrapper.framework; name = AudioToolbox.framework; path = System/Library/Frameworks/AudioToolbox.framework; sourceTree = SDKROOT; };
		B77F1B3917B978D7009739AE /* AVFoundation.framework */ = {isa = PBXFileReference; lastKnownFileType = wrapper.framework; name = AVFoundation.framework; path = System/Library/Frameworks/AVFoundation.framework; sourceTree = SDKROOT; };
		B77F1B3B17B978D7009739AE /* UIKit.framework */ = {isa = PBXFileReference; lastKnownFileType = wrapper.framework; name = UIKit.framework; path = System/Library/Frameworks/UIKit.framework; sourceTree = SDKROOT; };
		B77F1B3D17B978D7009739AE /* Foundation.framework */ = {isa = PBXFileReference; lastKnownFileType = wrapper.framework; name = Foundation.framework; path = System/Library/Frameworks/Foundation.framework; sourceTree = SDKROOT; };
		B77F1B3F17B978D7009739AE /* CoreGraphics.framework */ = {isa = PBXFileReference; lastKnownFileType = wrapper.framework; name = CoreGraphics.framework; path = System/Library/Frameworks/CoreGraphics.framework; sourceTree = SDKROOT; };
		B77F1B4117B978D7009739AE /* CoreText.framework */ = {isa = PBXFileReference; lastKnownFileType = wrapper.framework; name = CoreText.framework; path = System/Library/Frameworks/CoreText.framework; sourceTree = SDKROOT; };
		B7B3713D180358F1007369CC /* libObjectiveChipmunk.a */ = {isa = PBXFileReference; lastKnownFileType = archive.ar; name = libObjectiveChipmunk.a; path = "../libs/cocos2d-iphone/external/Chipmunk/xcode/build/Debug-iphoneos/libObjectiveChipmunk.a"; sourceTree = "<group>"; };
/* End PBXFileReference section */

/* Begin PBXFrameworksBuildPhase section */
		B77F1B2B17B978D7009739AE /* Frameworks */ = {
			isa = PBXFrameworksBuildPhase;
			buildActionMask = 2147483647;
			files = (
				A781DACA19CF9C49006BA433 /* EventKit.framework in Frameworks */,
				A781DACB19CF9C49006BA433 /* EventKitUI.framework in Frameworks */,
				A781DAC719CF9C3A006BA433 /* CoreTelephony.framework in Frameworks */,
				A7C9AD3119CCC9C2009F99E0 /* StoreKit.framework in Frameworks */,
				8392007A18EE8E3300B6C429 /* GLKit.framework in Frameworks */,
				A7D5157A19B239E400865D94 /* Security.framework in Frameworks */,
				A7D5157819B239DE00865D94 /* CFNetwork.framework in Frameworks */,
				A7D5156C19B2358600865D94 /* GameKit.framework in Frameworks */,
				A764481519B0EC6F0049FD51 /* Twitter.framework in Frameworks */,
				A764481319B0EC560049FD51 /* SystemConfiguration.framework in Frameworks */,
				A764480F19B0EC440049FD51 /* Social.framework in Frameworks */,
				A764480D19B0EC390049FD51 /* MessageUI.framework in Frameworks */,
				A764480B19B0EC330049FD51 /* libz.dylib in Frameworks */,
				A7AF751319C5EC2400D40A7F /* Crashlytics.framework in Frameworks */,
				A70020E719AE7B57004E47ED /* AdSupport.framework in Frameworks */,
				A70020E519AE7B4C004E47ED /* iAd.framework in Frameworks */,
				B737898A1807642B0076A88C /* libcocos2d.a in Frameworks */,
				A781DAC419CF9C14006BA433 /* libGoogleAdMobAds.a in Frameworks */,
				B77F1B3217B978D7009739AE /* QuartzCore.framework in Frameworks */,
				A764485E19B0ECCE0049FD51 /* mgwuSDK.framework in Frameworks */,
				B77F1B3417B978D7009739AE /* OpenGLES.framework in Frameworks */,
				B77F1B3617B978D7009739AE /* OpenAL.framework in Frameworks */,
				B77F1B3817B978D7009739AE /* AudioToolbox.framework in Frameworks */,
				B77F1B3A17B978D7009739AE /* AVFoundation.framework in Frameworks */,
				B77F1B3C17B978D7009739AE /* UIKit.framework in Frameworks */,
				B77F1B3E17B978D7009739AE /* Foundation.framework in Frameworks */,
				B77F1B4017B978D7009739AE /* CoreGraphics.framework in Frameworks */,
				B77F1B4217B978D7009739AE /* CoreText.framework in Frameworks */,
			);
			runOnlyForDeploymentPostprocessing = 0;
		};
/* End PBXFrameworksBuildPhase section */

/* Begin PBXGroup section */
		9222E2B918734FF800A246C7 /* libs */ = {
			isa = PBXGroup;
			children = (
				B7378940180761A80076A88C /* cocos2d-ios.xcodeproj */,
			);
			name = libs;
			sourceTree = "<group>";
		};
		A764481619B0ECCE0049FD51 /* mgwuSDK.embeddedframework */ = {
			isa = PBXGroup;
			children = (
				A764481719B0ECCE0049FD51 /* mgwuSDK.framework */,
				A764481819B0ECCE0049FD51 /* Resources */,
			);
			path = mgwuSDK.embeddedframework;
			sourceTree = "<group>";
		};
		A764481819B0ECCE0049FD51 /* Resources */ = {
			isa = PBXGroup;
			children = (
				A764481919B0ECCE0049FD51 /* aqua.png */,
				A764481A19B0ECCE0049FD51 /* bluechatbubble.png */,
				A764481B19B0ECCE0049FD51 /* CrossPromoViewController.nib */,
				A764481C19B0ECCE0049FD51 /* FacebookIcon.png */,
				A764481D19B0ECCE0049FD51 /* fb_connect.png */,
				A764481E19B0ECCE0049FD51 /* FBLoginButton.png */,
				A764481F19B0ECCE0049FD51 /* FBLoginButton@2x.png */,
				A764482019B0ECCE0049FD51 /* FBLoginButtonPressed.png */,
				A764482119B0ECCE0049FD51 /* FBLoginButtonPressed@2x.png */,
				A764482219B0ECCE0049FD51 /* FBNoThanksButton.png */,
				A764482319B0ECCE0049FD51 /* FBNoThanksButton@2x.png */,
				A764482419B0ECCE0049FD51 /* FBNoThanksButtonPressed.png */,
				A764482519B0ECCE0049FD51 /* FBNoThanksButtonPressed@2x.png */,
				A764482619B0ECCE0049FD51 /* green.png */,
				A764482719B0ECCE0049FD51 /* grey-background.png */,
				A764482819B0ECCE0049FD51 /* hipmob.back.btn.png */,
				A764482919B0ECCE0049FD51 /* hipmob.send.png */,
				A764482A19B0ECCE0049FD51 /* hipmobsend_field.png */,
				A764482B19B0ECCE0049FD51 /* hipmobsend_field@2x.png */,
				A764482C19B0ECCE0049FD51 /* mgwu-gk-notification.png */,
				A764482D19B0ECCE0049FD51 /* mgwu-gk-notification@2x.png */,
				A764482E19B0ECCE0049FD51 /* mgwu-m.png */,
				A764482F19B0ECCE0049FD51 /* mgwu-m@2x.png */,
				A764483019B0ECCE0049FD51 /* MGWUAboutFooter-Landscape-568h@2x~iphone.png */,
				A764483119B0ECCE0049FD51 /* MGWUAboutFooter-Landscape@2x~ipad.png */,
				A764483219B0ECCE0049FD51 /* MGWUAboutFooter-Landscape@2x~iphone.png */,
				A764483319B0ECCE0049FD51 /* MGWUAboutFooter-Landscape~ipad.png */,
				A764483419B0ECCE0049FD51 /* MGWUAboutFooter-Landscape~iphone.png */,
				A764483519B0ECCE0049FD51 /* MGWUAboutFooter-Portrait@2x~ipad.png */,
				A764483619B0ECCE0049FD51 /* MGWUAboutFooter-Portrait@2x~iphone.png */,
				A764483719B0ECCE0049FD51 /* MGWUAboutFooter-Portrait~ipad.png */,
				A764483819B0ECCE0049FD51 /* MGWUAboutFooter-Portrait~iphone.png */,
				A764483919B0ECCE0049FD51 /* MGWUBackground-Landscape@2x~ipad.png */,
				A764483A19B0ECCE0049FD51 /* MGWUBackground-Landscape@2x~iphone.png */,
				A764483B19B0ECCE0049FD51 /* MGWUBackground-Landscape~ipad.png */,
				A764483C19B0ECCE0049FD51 /* MGWUBackground-Landscape~iphone.png */,
				A764483D19B0ECCE0049FD51 /* MGWUBackground-Portrait@2x~ipad.png */,
				A764483E19B0ECCE0049FD51 /* MGWUBackground-Portrait@2x~iphone.png */,
				A764483F19B0ECCE0049FD51 /* MGWUBackground-Portrait~ipad.png */,
				A764484019B0ECCE0049FD51 /* MGWUBackground-Portrait~iphone.png */,
				A764484119B0ECCE0049FD51 /* MGWUBackgroundDark-Landscape@2x~ipad.png */,
				A764484219B0ECCE0049FD51 /* MGWUBackgroundDark-Landscape@2x~iphone.png */,
				A764484319B0ECCE0049FD51 /* MGWUBackgroundDark-Landscape~ipad.png */,
				A764484419B0ECCE0049FD51 /* MGWUBackgroundDark-Landscape~iphone.png */,
				A764484519B0ECCE0049FD51 /* MGWUBackgroundDark-Portrait@2x~ipad.png */,
				A764484619B0ECCE0049FD51 /* MGWUBackgroundDark-Portrait@2x~iphone.png */,
				A764484719B0ECCE0049FD51 /* MGWUBackgroundDark-Portrait~ipad.png */,
				A764484819B0ECCE0049FD51 /* MGWUBackgroundDark-Portrait~iphone.png */,
				A764484919B0ECCE0049FD51 /* MGWUClose.png */,
				A764484A19B0ECCE0049FD51 /* MGWUClose@2x.png */,
				A764484B19B0ECCE0049FD51 /* MGWUFacebookLoginLandscape.nib */,
				A764484C19B0ECCE0049FD51 /* MGWUFacebookLoginLandscapeDark.nib */,
				A764484D19B0ECCE0049FD51 /* MGWUFacebookLoginPortrait.nib */,
				A764484E19B0ECCE0049FD51 /* MGWUFacebookLoginPortraitDark.nib */,
				A764484F19B0ECCE0049FD51 /* mgwuLogo.png */,
				A764485019B0ECCE0049FD51 /* mgwuLogo@2x.png */,
				A764485119B0ECCE0049FD51 /* mgwuLogoDark.png */,
				A764485219B0ECCE0049FD51 /* mgwuLogoDark@2x.png */,
				A764485319B0ECCE0049FD51 /* mgwuPlaceholderIcon.png */,
				A764485419B0ECCE0049FD51 /* mgwuPlaceholderIcon@2x.png */,
				A764485519B0ECCE0049FD51 /* mgwuPlaceholderIconDark.png */,
				A764485619B0ECCE0049FD51 /* mgwuPlaceholderIconDark@2x.png */,
				A764485719B0ECCE0049FD51 /* operator.available.png */,
				A764485819B0ECCE0049FD51 /* operator.connecting.png */,
				A764485919B0ECCE0049FD51 /* operator.unavailable.png */,
				A764485A19B0ECCE0049FD51 /* send-button-active.png */,
				A764485B19B0ECCE0049FD51 /* send-button-inactive.png */,
				A764485C19B0ECCE0049FD51 /* send-button-instate.png */,
				A764485D19B0ECCE0049FD51 /* send-field-landscape.png */,
			);
			path = Resources;
			sourceTree = "<group>";
		};
		A781DAA219CF9C14006BA433 /* GoogleMobileAdsSdkiOS-6.12.0 */ = {
			isa = PBXGroup;
			children = (
				A781DAA319CF9C14006BA433 /* Add-ons */,
				A781DAB619CF9C14006BA433 /* GADAdMobExtras.h */,
				A781DAB719CF9C14006BA433 /* GADAdNetworkExtras.h */,
				A781DAB819CF9C14006BA433 /* GADAdSize.h */,
				A781DAB919CF9C14006BA433 /* GADBannerView.h */,
				A781DABA19CF9C14006BA433 /* GADBannerViewDelegate.h */,
				A781DABB19CF9C14006BA433 /* GADInAppPurchase.h */,
				A781DABC19CF9C14006BA433 /* GADInAppPurchaseDelegate.h */,
				A781DABD19CF9C14006BA433 /* GADInterstitial.h */,
				A781DABE19CF9C14006BA433 /* GADInterstitialDelegate.h */,
				A781DABF19CF9C14006BA433 /* GADModules.h */,
				A781DAC019CF9C14006BA433 /* GADRequest.h */,
				A781DAC119CF9C14006BA433 /* GADRequestError.h */,
				A781DAC219CF9C14006BA433 /* libGoogleAdMobAds.a */,
				A781DAC319CF9C14006BA433 /* README.txt */,
			);
			path = "GoogleMobileAdsSdkiOS-6.12.0";
			sourceTree = "<group>";
		};
		A781DAA319CF9C14006BA433 /* Add-ons */ = {
			isa = PBXGroup;
			children = (
				A781DAA419CF9C14006BA433 /* DoubleClick */,
				A781DAAC19CF9C14006BA433 /* Mediation */,
				A781DAB319CF9C14006BA433 /* Search */,
			);
			path = "Add-ons";
			sourceTree = "<group>";
		};
		A781DAA419CF9C14006BA433 /* DoubleClick */ = {
			isa = PBXGroup;
			children = (
				A781DAA519CF9C14006BA433 /* DFPBannerView.h */,
				A781DAA619CF9C14006BA433 /* DFPExtras.h */,
				A781DAA719CF9C14006BA433 /* DFPInterstitial.h */,
				A781DAA819CF9C14006BA433 /* DFPSwipeableBannerView.h */,
				A781DAA919CF9C14006BA433 /* GADAdSizeDelegate.h */,
				A781DAAA19CF9C14006BA433 /* GADAppEventDelegate.h */,
				A781DAAB19CF9C14006BA433 /* GADSwipeableBannerViewDelegate.h */,
			);
			path = DoubleClick;
			sourceTree = "<group>";
		};
		A781DAAC19CF9C14006BA433 /* Mediation */ = {
			isa = PBXGroup;
			children = (
				A781DAAD19CF9C14006BA433 /* GADCustomEventBanner.h */,
				A781DAAE19CF9C14006BA433 /* GADCustomEventBannerDelegate.h */,
				A781DAAF19CF9C14006BA433 /* GADCustomEventExtras.h */,
				A781DAB019CF9C14006BA433 /* GADCustomEventInterstitial.h */,
				A781DAB119CF9C14006BA433 /* GADCustomEventInterstitialDelegate.h */,
				A781DAB219CF9C14006BA433 /* GADCustomEventRequest.h */,
			);
			path = Mediation;
			sourceTree = "<group>";
		};
		A781DAB319CF9C14006BA433 /* Search */ = {
			isa = PBXGroup;
			children = (
				A781DAB419CF9C14006BA433 /* GADSearchBannerView.h */,
				A781DAB519CF9C14006BA433 /* GADSearchRequest.h */,
			);
			path = Search;
			sourceTree = "<group>";
		};
		B737893C1807616C0076A88C /* Source */ = {
			isa = PBXGroup;
			children = (
				A7D5157419B2399300865D94 /* ABGameKitHelper.h */,
				A7D5157519B2399300865D94 /* ABGameKitHelper.m */,
				B737893D1807617C0076A88C /* AppDelegate.h */,
				B737893E1807617C0076A88C /* AppDelegate.m */,
				B7378992180767190076A88C /* MainScene.h */,
				B7378993180767190076A88C /* MainScene.m */,
				A752AA1819A6CC11008ED0A5 /* circleBlue.h */,
				A752AA1919A6CC11008ED0A5 /* circleBlue.m */,
				A752AA1C19A6CC24008ED0A5 /* circleOrange.h */,
				A752AA1D19A6CC24008ED0A5 /* circleOrange.m */,
				A752AA1F19A6CC37008ED0A5 /* circleGreen.h */,
				A752AA2019A6CC37008ED0A5 /* circleGreen.m */,
				A7B1149619C4C8AF0053E245 /* birdblueblink.h */,
				A7B1149719C4C8AF0053E245 /* birdblueblink.m */,
				A7B1149219C4C8A00053E245 /* birdgreenblink.h */,
				A7B1149319C4C8A00053E245 /* birdgreenblink.m */,
				A7B1149919C4C8BD0053E245 /* birdorangeblink.h */,
				A7B1149A19C4C8BD0053E245 /* birdorangeblink.m */,
				A764480419B0E74A0049FD51 /* options.h */,
				A764480519B0E74A0049FD51 /* options.m */,
			);
			name = Source;
			sourceTree = "<group>";
		};
		B7378941180761A80076A88C /* Products */ = {
			isa = PBXGroup;
			children = (
				B737894B180761A90076A88C /* libcocos2d.a */,
			);
			name = Products;
			sourceTree = "<group>";
		};
		B73789911807667A0076A88C /* Icons */ = {
			isa = PBXGroup;
			children = (
				B71F5907188484E7003F4D28 /* iPad-old.png */,
				B71F5908188484E7003F4D28 /* iPad-old@2x.png */,
				B71F5909188484E7003F4D28 /* iPad.png */,
				B71F590A188484E7003F4D28 /* iPad@2x.png */,
				B71F590B188484E7003F4D28 /* iPhone-old.png */,
				B71F590C188484E7003F4D28 /* iPhone-old@2x.png */,
				B71F590D188484E7003F4D28 /* iPhone.png */,
				B71F590E188484E7003F4D28 /* iPhone@2x.png */,
				B71F590F188484E7003F4D28 /* Settings.png */,
				B71F5910188484E7003F4D28 /* Settings@2x.png */,
				B737896B180762440076A88C /* Default-568h@2x.png */,
				B737896C180762440076A88C /* Default-Landscape~ipad.png */,
				B737896D180762440076A88C /* Default.png */,
				B737896E180762440076A88C /* Default@2x.png */,
			);
			name = Icons;
			sourceTree = "<group>";
		};
		B77F1B2517B978D7009739AE = {
			isa = PBXGroup;
			children = (
				A781DAA219CF9C14006BA433 /* GoogleMobileAdsSdkiOS-6.12.0 */,
				A70020E219AE7B37004E47ED /* CircleMatch.entitlements */,
				B737893C1807616C0076A88C /* Source */,
				B77F1B4617B978D7009739AE /* Resources */,
				9222E2B918734FF800A246C7 /* libs */,
				B77F1CCF17B978D8009739AE /* Supporting Files */,
				B77F1B3017B978D7009739AE /* Frameworks */,
				B77F1B2F17B978D7009739AE /* Products */,
			);
			sourceTree = "<group>";
		};
		B77F1B2F17B978D7009739AE /* Products */ = {
			isa = PBXGroup;
			children = (
				B77F1B2E17B978D7009739AE /* CircleMatch.app */,
			);
			name = Products;
			sourceTree = "<group>";
		};
		B77F1B3017B978D7009739AE /* Frameworks */ = {
			isa = PBXGroup;
			children = (
				A781DAC819CF9C49006BA433 /* EventKit.framework */,
				A781DAC919CF9C49006BA433 /* EventKitUI.framework */,
				A781DAC619CF9C3A006BA433 /* CoreTelephony.framework */,
				A7AF751219C5EC2400D40A7F /* Crashlytics.framework */,
				A7D5157919B239E400865D94 /* Security.framework */,
				A7D5157719B239DE00865D94 /* CFNetwork.framework */,
				A7D5156B19B2358600865D94 /* GameKit.framework */,
				A764481619B0ECCE0049FD51 /* mgwuSDK.embeddedframework */,
				A764481419B0EC6F0049FD51 /* Twitter.framework */,
				A764481219B0EC560049FD51 /* SystemConfiguration.framework */,
				A764481019B0EC4A0049FD51 /* StoreKit.framework */,
				A764480E19B0EC440049FD51 /* Social.framework */,
				A764480C19B0EC390049FD51 /* MessageUI.framework */,
				A764480A19B0EC330049FD51 /* libz.dylib */,
				A70020E619AE7B57004E47ED /* AdSupport.framework */,
				A70020E419AE7B4C004E47ED /* iAd.framework */,
				8392007918EE8E3300B6C429 /* GLKit.framework */,
				B7B3713D180358F1007369CC /* libObjectiveChipmunk.a */,
				B77F1B3117B978D7009739AE /* QuartzCore.framework */,
				B77F1B3317B978D7009739AE /* OpenGLES.framework */,
				B77F1B3517B978D7009739AE /* OpenAL.framework */,
				B77F1B3717B978D7009739AE /* AudioToolbox.framework */,
				B77F1B3917B978D7009739AE /* AVFoundation.framework */,
				B77F1B3B17B978D7009739AE /* UIKit.framework */,
				B77F1B3D17B978D7009739AE /* Foundation.framework */,
				B77F1B3F17B978D7009739AE /* CoreGraphics.framework */,
				B77F1B4117B978D7009739AE /* CoreText.framework */,
			);
			name = Frameworks;
			sourceTree = "<group>";
		};
		B77F1B4617B978D7009739AE /* Resources */ = {
			isa = PBXGroup;
			children = (
				A7C9AD3619CCCFBF009F99E0 /* Images.xcassets */,
				B73789911807667A0076A88C /* Icons */,
				B737893A180761570076A88C /* Published-iOS */,
			);
			name = Resources;
			path = Source/Resources;
			sourceTree = "<group>";
		};
		B77F1CCF17B978D8009739AE /* Supporting Files */ = {
			isa = PBXGroup;
			children = (
				B73789851807631A0076A88C /* main.m */,
				B73789861807631A0076A88C /* Prefix.pch */,
			);
			name = "Supporting Files";
			sourceTree = "<group>";
		};
/* End PBXGroup section */

/* Begin PBXNativeTarget section */
		B77F1B2D17B978D7009739AE /* CircleMatch */ = {
			isa = PBXNativeTarget;
			buildConfigurationList = B77F1CDE17B978D8009739AE /* Build configuration list for PBXNativeTarget "CircleMatch" */;
			buildPhases = (
				D2E0167A18D782EC00927430 /* Run Script */,
				B77F1B2A17B978D7009739AE /* Sources */,
				B77F1B2B17B978D7009739AE /* Frameworks */,
				B77F1B2C17B978D7009739AE /* Resources */,
				A7AF751119C5EBF300D40A7F /* ShellScript */,
			);
			buildRules = (
			);
			dependencies = (
				B7378989180764180076A88C /* PBXTargetDependency */,
			);
			name = CircleMatch;
			productName = Example;
			productReference = B77F1B2E17B978D7009739AE /* CircleMatch.app */;
			productType = "com.apple.product-type.application";
		};
/* End PBXNativeTarget section */

/* Begin PBXProject section */
		B77F1B2617B978D7009739AE /* Project object */ = {
			isa = PBXProject;
			attributes = {
				LastUpgradeCheck = 0600;
				ORGANIZATIONNAME = Apportable;
				TargetAttributes = {
					B77F1B2D17B978D7009739AE = {
						DevelopmentTeam = 72H7NZKH7W;
						SystemCapabilities = {
							com.apple.GameCenter = {
								enabled = 0;
							};
						};
					};
				};
			};
			buildConfigurationList = B77F1B2917B978D7009739AE /* Build configuration list for PBXProject "CircleMatch" */;
			compatibilityVersion = "Xcode 3.2";
			developmentRegion = English;
			hasScannedForEncodings = 0;
			knownRegions = (
				en,
			);
			mainGroup = B77F1B2517B978D7009739AE;
			productRefGroup = B77F1B2F17B978D7009739AE /* Products */;
			projectDirPath = "";
			projectReferences = (
				{
					ProductGroup = B7378941180761A80076A88C /* Products */;
					ProjectRef = B7378940180761A80076A88C /* cocos2d-ios.xcodeproj */;
				},
			);
			projectRoot = "";
			targets = (
				B77F1B2D17B978D7009739AE /* CircleMatch */,
			);
		};
/* End PBXProject section */

/* Begin PBXReferenceProxy section */
		B737894B180761A90076A88C /* libcocos2d.a */ = {
			isa = PBXReferenceProxy;
			fileType = archive.ar;
			path = libcocos2d.a;
			remoteRef = B737894A180761A90076A88C /* PBXContainerItemProxy */;
			sourceTree = BUILT_PRODUCTS_DIR;
		};
/* End PBXReferenceProxy section */

/* Begin PBXResourcesBuildPhase section */
		B77F1B2C17B978D7009739AE /* Resources */ = {
			isa = PBXResourcesBuildPhase;
			buildActionMask = 2147483647;
			files = (
				A764489D19B0ECCE0049FD51 /* operator.available.png in Resources */,
				B71F5919188484E7003F4D28 /* Settings.png in Resources */,
				A76448A119B0ECCE0049FD51 /* send-button-inactive.png in Resources */,
				A764487B19B0ECCE0049FD51 /* MGWUAboutFooter-Portrait@2x~ipad.png in Resources */,
				A764486A19B0ECCE0049FD51 /* FBNoThanksButtonPressed.png in Resources */,
				A764489219B0ECCE0049FD51 /* MGWUFacebookLoginLandscapeDark.nib in Resources */,
				A764489B19B0ECCE0049FD51 /* mgwuPlaceholderIconDark.png in Resources */,
				A764487C19B0ECCE0049FD51 /* MGWUAboutFooter-Portrait@2x~iphone.png in Resources */,
				A764487819B0ECCE0049FD51 /* MGWUAboutFooter-Landscape@2x~iphone.png in Resources */,
				A76448A219B0ECCE0049FD51 /* send-button-instate.png in Resources */,
				A764489819B0ECCE0049FD51 /* mgwuLogoDark@2x.png in Resources */,
				A7C9AD3719CCCFBF009F99E0 /* Images.xcassets in Resources */,
				A764489F19B0ECCE0049FD51 /* operator.unavailable.png in Resources */,
				A764489719B0ECCE0049FD51 /* mgwuLogoDark.png in Resources */,
				A764487F19B0ECCE0049FD51 /* MGWUBackground-Landscape@2x~ipad.png in Resources */,
				A764488419B0ECCE0049FD51 /* MGWUBackground-Portrait@2x~iphone.png in Resources */,
				A764487619B0ECCE0049FD51 /* MGWUAboutFooter-Landscape-568h@2x~iphone.png in Resources */,
				A764488019B0ECCE0049FD51 /* MGWUBackground-Landscape@2x~iphone.png in Resources */,
				A764486E19B0ECCE0049FD51 /* hipmob.back.btn.png in Resources */,
				A764486D19B0ECCE0049FD51 /* grey-background.png in Resources */,
				A764486419B0ECCE0049FD51 /* FBLoginButton.png in Resources */,
				A764486C19B0ECCE0049FD51 /* green.png in Resources */,
				A764488119B0ECCE0049FD51 /* MGWUBackground-Landscape~ipad.png in Resources */,
				B7378978180762440076A88C /* Default@2x.png in Resources */,
				A764486819B0ECCE0049FD51 /* FBNoThanksButton.png in Resources */,
				B71F5914188484E7003F4D28 /* iPad@2x.png in Resources */,
				A764487919B0ECCE0049FD51 /* MGWUAboutFooter-Landscape~ipad.png in Resources */,
				A764487019B0ECCE0049FD51 /* hipmobsend_field.png in Resources */,
				A764486219B0ECCE0049FD51 /* FacebookIcon.png in Resources */,
				A764488B19B0ECCE0049FD51 /* MGWUBackgroundDark-Portrait@2x~ipad.png in Resources */,
				A764489919B0ECCE0049FD51 /* mgwuPlaceholderIcon.png in Resources */,
				A764488519B0ECCE0049FD51 /* MGWUBackground-Portrait~ipad.png in Resources */,
				A764485F19B0ECCE0049FD51 /* aqua.png in Resources */,
				A764489119B0ECCE0049FD51 /* MGWUFacebookLoginLandscape.nib in Resources */,
				B71F5913188484E7003F4D28 /* iPad.png in Resources */,
				A764486319B0ECCE0049FD51 /* fb_connect.png in Resources */,
				A764487519B0ECCE0049FD51 /* mgwu-m@2x.png in Resources */,
				A764487719B0ECCE0049FD51 /* MGWUAboutFooter-Landscape@2x~ipad.png in Resources */,
				B71F5912188484E7003F4D28 /* iPad-old@2x.png in Resources */,
				A764488719B0ECCE0049FD51 /* MGWUBackgroundDark-Landscape@2x~ipad.png in Resources */,
				A764486919B0ECCE0049FD51 /* FBNoThanksButton@2x.png in Resources */,
				A764489319B0ECCE0049FD51 /* MGWUFacebookLoginPortrait.nib in Resources */,
				A764487A19B0ECCE0049FD51 /* MGWUAboutFooter-Landscape~iphone.png in Resources */,
				A764487E19B0ECCE0049FD51 /* MGWUAboutFooter-Portrait~iphone.png in Resources */,
				A764487D19B0ECCE0049FD51 /* MGWUAboutFooter-Portrait~ipad.png in Resources */,
				A764488919B0ECCE0049FD51 /* MGWUBackgroundDark-Landscape~ipad.png in Resources */,
				A76448A019B0ECCE0049FD51 /* send-button-active.png in Resources */,
				B71F5916188484E7003F4D28 /* iPhone-old@2x.png in Resources */,
				A764489419B0ECCE0049FD51 /* MGWUFacebookLoginPortraitDark.nib in Resources */,
				B737893B180761570076A88C /* Published-iOS in Resources */,
				A764489E19B0ECCE0049FD51 /* operator.connecting.png in Resources */,
				A764487119B0ECCE0049FD51 /* hipmobsend_field@2x.png in Resources */,
				A764486719B0ECCE0049FD51 /* FBLoginButtonPressed@2x.png in Resources */,
				A764486619B0ECCE0049FD51 /* FBLoginButtonPressed.png in Resources */,
				B71F591A188484E7003F4D28 /* Settings@2x.png in Resources */,
				A764486519B0ECCE0049FD51 /* FBLoginButton@2x.png in Resources */,
				B7378976180762440076A88C /* Default-Landscape~ipad.png in Resources */,
				A764487419B0ECCE0049FD51 /* mgwu-m.png in Resources */,
				A764486019B0ECCE0049FD51 /* bluechatbubble.png in Resources */,
				A764489A19B0ECCE0049FD51 /* mgwuPlaceholderIcon@2x.png in Resources */,
				A764488A19B0ECCE0049FD51 /* MGWUBackgroundDark-Landscape~iphone.png in Resources */,
				A764486119B0ECCE0049FD51 /* CrossPromoViewController.nib in Resources */,
				A781DAC519CF9C14006BA433 /* README.txt in Resources */,
				A764488619B0ECCE0049FD51 /* MGWUBackground-Portrait~iphone.png in Resources */,
				B71F5915188484E7003F4D28 /* iPhone-old.png in Resources */,
				A764486F19B0ECCE0049FD51 /* hipmob.send.png in Resources */,
				A764488D19B0ECCE0049FD51 /* MGWUBackgroundDark-Portrait~ipad.png in Resources */,
				A764488319B0ECCE0049FD51 /* MGWUBackground-Portrait@2x~ipad.png in Resources */,
				A764488219B0ECCE0049FD51 /* MGWUBackground-Landscape~iphone.png in Resources */,
				A764489C19B0ECCE0049FD51 /* mgwuPlaceholderIconDark@2x.png in Resources */,
				B71F5917188484E7003F4D28 /* iPhone.png in Resources */,
				A764488E19B0ECCE0049FD51 /* MGWUBackgroundDark-Portrait~iphone.png in Resources */,
				A764489519B0ECCE0049FD51 /* mgwuLogo.png in Resources */,
				A764489619B0ECCE0049FD51 /* mgwuLogo@2x.png in Resources */,
				A764488F19B0ECCE0049FD51 /* MGWUClose.png in Resources */,
				A764486B19B0ECCE0049FD51 /* FBNoThanksButtonPressed@2x.png in Resources */,
				B7378975180762440076A88C /* Default-568h@2x.png in Resources */,
				A764489019B0ECCE0049FD51 /* MGWUClose@2x.png in Resources */,
				A764487319B0ECCE0049FD51 /* mgwu-gk-notification@2x.png in Resources */,
				A764487219B0ECCE0049FD51 /* mgwu-gk-notification.png in Resources */,
				A76448A319B0ECCE0049FD51 /* send-field-landscape.png in Resources */,
				B71F5918188484E7003F4D28 /* iPhone@2x.png in Resources */,
				B7378977180762440076A88C /* Default.png in Resources */,
				A764488819B0ECCE0049FD51 /* MGWUBackgroundDark-Landscape@2x~iphone.png in Resources */,
				A764488C19B0ECCE0049FD51 /* MGWUBackgroundDark-Portrait@2x~iphone.png in Resources */,
				B71F5911188484E7003F4D28 /* iPad-old.png in Resources */,
			);
			runOnlyForDeploymentPostprocessing = 0;
		};
/* End PBXResourcesBuildPhase section */

/* Begin PBXShellScriptBuildPhase section */
		A7AF751119C5EBF300D40A7F /* ShellScript */ = {
			isa = PBXShellScriptBuildPhase;
			buildActionMask = 2147483647;
			files = (
			);
			inputPaths = (
			);
			outputPaths = (
			);
			runOnlyForDeploymentPostprocessing = 0;
			shellPath = /bin/sh;
			shellScript = "./Crashlytics.framework/run b3f968f6cdf4372d174aad54e4647514c1888e83 4ba1323699a831aab1d8745099d061dc1228dc735dcafba8b6beb8149b38464d";
		};
		D2E0167A18D782EC00927430 /* Run Script */ = {
			isa = PBXShellScriptBuildPhase;
			buildActionMask = 2147483647;
			files = (
			);
			inputPaths = (
			);
			name = "Run Script";
			outputPaths = (
			);
			runOnlyForDeploymentPostprocessing = 0;
			shellPath = /bin/sh;
			shellScript = "osascript -e 'tell application \"System Events\"' -e 'set ProcessList to name of every process' -e 'if \"SpriteBuilder\" is in ProcessList then' -e 'tell application \"SpriteBuilder\" to publish' -e 'end if' -e 'end tell'";
		};
/* End PBXShellScriptBuildPhase section */

/* Begin PBXSourcesBuildPhase section */
		B77F1B2A17B978D7009739AE /* Sources */ = {
			isa = PBXSourcesBuildPhase;
			buildActionMask = 2147483647;
			files = (
				A7B1149B19C4C8BD0053E245 /* birdorangeblink.m in Sources */,
				A752AA1E19A6CC24008ED0A5 /* circleOrange.m in Sources */,
				A752AA2119A6CC37008ED0A5 /* circleGreen.m in Sources */,
				B737893F1807617C0076A88C /* AppDelegate.m in Sources */,
				A7B1149819C4C8AF0053E245 /* birdblueblink.m in Sources */,
				A7D5157619B2399300865D94 /* ABGameKitHelper.m in Sources */,
				A764480619B0E74A0049FD51 /* options.m in Sources */,
				A7B1149419C4C8A00053E245 /* birdgreenblink.m in Sources */,
				A752AA1A19A6CC11008ED0A5 /* circleBlue.m in Sources */,
				B7378994180767190076A88C /* MainScene.m in Sources */,
				B73789871807631A0076A88C /* main.m in Sources */,
			);
			runOnlyForDeploymentPostprocessing = 0;
		};
/* End PBXSourcesBuildPhase section */

/* Begin PBXTargetDependency section */
		B7378989180764180076A88C /* PBXTargetDependency */ = {
			isa = PBXTargetDependency;
			name = cocos2d;
			targetProxy = B7378988180764180076A88C /* PBXContainerItemProxy */;
		};
/* End PBXTargetDependency section */

/* Begin XCBuildConfiguration section */
		B77F1CDC17B978D8009739AE /* Debug */ = {
			isa = XCBuildConfiguration;
			buildSettings = {
				CLANG_WARN_BOOL_CONVERSION = YES;
				CLANG_WARN_CONSTANT_CONVERSION = YES;
				CLANG_WARN_EMPTY_BODY = YES;
				CLANG_WARN_ENUM_CONVERSION = YES;
				CLANG_WARN_INT_CONVERSION = YES;
				CLANG_WARN_UNREACHABLE_CODE = YES;
				CLANG_WARN__DUPLICATE_METHOD_MATCH = YES;
				CODE_SIGN_IDENTITY = "";
				"CODE_SIGN_IDENTITY[sdk=*]" = "iPhone Distribution";
				ENABLE_STRICT_OBJC_MSGSEND = YES;
				GCC_C_LANGUAGE_STANDARD = gnu99;
				GCC_OPTIMIZATION_LEVEL = 0;
				GCC_PREPROCESSOR_DEFINITIONS = (
					DEBUG,
					"COCOS2D_DEBUG=1",
				);
				GCC_SYMBOLS_PRIVATE_EXTERN = NO;
				GCC_VERSION = com.apple.compilers.llvm.clang.1_0;
				GCC_WARN_64_TO_32_BIT_CONVERSION = YES;
				GCC_WARN_ABOUT_RETURN_TYPE = YES;
				GCC_WARN_UNDECLARED_SELECTOR = YES;
				GCC_WARN_UNINITIALIZED_AUTOS = YES;
				GCC_WARN_UNUSED_FUNCTION = YES;
				GCC_WARN_UNUSED_VARIABLE = YES;
				IPHONEOS_DEPLOYMENT_TARGET = 6.0;
				ONLY_ACTIVE_ARCH = YES;
				SDKROOT = iphoneos;
				TARGETED_DEVICE_FAMILY = "1,2";
			};
			name = Debug;
		};
		B77F1CDD17B978D8009739AE /* Release */ = {
			isa = XCBuildConfiguration;
			buildSettings = {
				CLANG_WARN_BOOL_CONVERSION = YES;
				CLANG_WARN_CONSTANT_CONVERSION = YES;
				CLANG_WARN_EMPTY_BODY = YES;
				CLANG_WARN_ENUM_CONVERSION = YES;
				CLANG_WARN_INT_CONVERSION = YES;
				CLANG_WARN_UNREACHABLE_CODE = YES;
				CLANG_WARN__DUPLICATE_METHOD_MATCH = YES;
				"CODE_SIGN_IDENTITY[sdk=iphoneos*]" = "iPhone Developer";
				ENABLE_STRICT_OBJC_MSGSEND = YES;
				GCC_C_LANGUAGE_STANDARD = gnu99;
				GCC_PREPROCESSOR_DEFINITIONS = (
					NDEBUG,
					"NS_BLOCK_ASSERTIONS=1",
				);
				GCC_VERSION = com.apple.compilers.llvm.clang.1_0;
				GCC_WARN_64_TO_32_BIT_CONVERSION = YES;
				GCC_WARN_ABOUT_RETURN_TYPE = YES;
				GCC_WARN_UNDECLARED_SELECTOR = YES;
				GCC_WARN_UNINITIALIZED_AUTOS = YES;
				GCC_WARN_UNUSED_FUNCTION = YES;
				GCC_WARN_UNUSED_VARIABLE = YES;
				IPHONEOS_DEPLOYMENT_TARGET = 6.0;
				SDKROOT = iphoneos;
				TARGETED_DEVICE_FAMILY = "1,2";
			};
			name = Release;
		};
		B77F1CDF17B978D8009739AE /* Debug */ = {
			isa = XCBuildConfiguration;
			buildSettings = {
				ALWAYS_SEARCH_USER_PATHS = NO;
				ASSETCATALOG_COMPILER_APPICON_NAME = AppIcon;
				ASSETCATALOG_COMPILER_LAUNCHIMAGE_NAME = LaunchImage;
				CLANG_ENABLE_OBJC_ARC = YES;
				CODE_SIGN_ENTITLEMENTS = CircleMatch.entitlements;
				CODE_SIGN_IDENTITY = "";
				"CODE_SIGN_IDENTITY[sdk=iphoneos*]" = "";
				COPY_PHASE_STRIP = NO;
				FRAMEWORK_SEARCH_PATHS = (
					"$(inherited)",
					"$(PROJECT_DIR)/mgwuSDK.embeddedframework",
					"$(PROJECT_DIR)",
				);
				GCC_DYNAMIC_NO_PIC = NO;
				GCC_PRECOMPILE_PREFIX_HEADER = YES;
				GCC_PREFIX_HEADER = Source/Prefix.pch;
				HEADER_SEARCH_PATHS = (
					"\"Source/libs/cocos2d-iphone/external/kazmath/include\"/**",
					"\"Source/libs/cocos2d-iphone/cocos2d\"/**",
					"Source/libs/cocos2d-iphone/external/Chipmunk/objectivec/include",
					"Source/libs/cocos2d-iphone/external/Chipmunk/include",
					"\"Source/libs/cocos2d-iphone/cocos2d-ui\"/**",
					"\"Source/libs/cocos2d-iphone/external/ObjectAL\"/**",
				);
				INFOPLIST_FILE = Source/Resources/Info.plist;
				IPHONEOS_DEPLOYMENT_TARGET = 6.0;
				LIBRARY_SEARCH_PATHS = (
					"$(inherited)",
					"$(PROJECT_DIR)",
					"$(PROJECT_DIR)/GoogleMobileAdsSdkiOS-6.12.0",
				);
				ONLY_ACTIVE_ARCH = YES;
				OTHER_LDFLAGS = (
					"-lz",
					"-lsqlite3",
					"-ObjC",
				);
				PRODUCT_NAME = CircleMatch;
				PROVISIONING_PROFILE = "1f4180aa-b868-48de-bc73-d4d169ceb0f2";
				TARGETED_DEVICE_FAMILY = "1,2";
				WRAPPER_EXTENSION = app;
			};
			name = Debug;
		};
		B77F1CE017B978D8009739AE /* Release */ = {
			isa = XCBuildConfiguration;
			buildSettings = {
				ALWAYS_SEARCH_USER_PATHS = NO;
				ASSETCATALOG_COMPILER_APPICON_NAME = AppIcon;
				ASSETCATALOG_COMPILER_LAUNCHIMAGE_NAME = LaunchImage;
				CLANG_ENABLE_OBJC_ARC = YES;
				CODE_SIGN_ENTITLEMENTS = CircleMatch.entitlements;
				CODE_SIGN_IDENTITY = "iPhone Distribution";
				"CODE_SIGN_IDENTITY[sdk=iphoneos*]" = "iPhone Distribution";
				COPY_PHASE_STRIP = YES;
				FRAMEWORK_SEARCH_PATHS = (
					"$(inherited)",
					"$(PROJECT_DIR)/mgwuSDK.embeddedframework",
					"$(PROJECT_DIR)",
				);
				GCC_PRECOMPILE_PREFIX_HEADER = YES;
				GCC_PREFIX_HEADER = Source/Prefix.pch;
				HEADER_SEARCH_PATHS = (
					"\"Source/libs/cocos2d-iphone/external/kazmath/include\"/**",
					"\"Source/libs/cocos2d-iphone/cocos2d\"/**",
					"Source/libs/cocos2d-iphone/external/Chipmunk/objectivec/include",
					"Source/libs/cocos2d-iphone/external/Chipmunk/include",
					"\"Source/libs/cocos2d-iphone/cocos2d-ui\"/**",
					"\"Source/libs/cocos2d-iphone/external/ObjectAL\"/**",
				);
				INFOPLIST_FILE = Source/Resources/Info.plist;
				IPHONEOS_DEPLOYMENT_TARGET = 6.0;
				LIBRARY_SEARCH_PATHS = (
					"$(inherited)",
					"$(PROJECT_DIR)",
					"$(PROJECT_DIR)/GoogleMobileAdsSdkiOS-6.12.0",
				);
				OTHER_LDFLAGS = (
					"-lz",
					"-lsqlite3",
					"-ObjC",
				);
				PRODUCT_NAME = CircleMatch;
				PROVISIONING_PROFILE = "1f4180aa-b868-48de-bc73-d4d169ceb0f2";
				TARGETED_DEVICE_FAMILY = "1,2";
				VALIDATE_PRODUCT = YES;
				WRAPPER_EXTENSION = app;
			};
			name = Release;
		};
/* End XCBuildConfiguration section */

/* Begin XCConfigurationList section */
		B77F1B2917B978D7009739AE /* Build configuration list for PBXProject "CircleMatch" */ = {
			isa = XCConfigurationList;
			buildConfigurations = (
				B77F1CDC17B978D8009739AE /* Debug */,
				B77F1CDD17B978D8009739AE /* Release */,
			);
			defaultConfigurationIsVisible = 0;
			defaultConfigurationName = Release;
		};
		B77F1CDE17B978D8009739AE /* Build configuration list for PBXNativeTarget "CircleMatch" */ = {
			isa = XCConfigurationList;
			buildConfigurations = (
				B77F1CDF17B978D8009739AE /* Debug */,
				B77F1CE017B978D8009739AE /* Release */,
			);
			defaultConfigurationIsVisible = 0;
			defaultConfigurationName = Release;
		};
/* End XCConfigurationList section */
	};
	rootObject = B77F1B2617B978D7009739AE /* Project object */;
}
